Microsoft Visual Studio Solution File, Format Version 10.00
# Visual C# Express 2008
Project("{FAE04EC0-301F-11D3-BF4B-00C04F79EFBC}") = "FreeTrain.Core.2008", "core\FreeTrain.Core.2008.csproj", "{7746CF50-D84E-4E7B-83FB-AB43DB854DA8}"
	ProjectSection(ProjectDependencies) = postProject
		{D3B86CCE-530E-4472-AE8E-3FA5F903C206} = {D3B86CCE-530E-4472-AE8E-3FA5F903C206}
	EndProjectSection
EndProject
Project("{FAE04EC0-301F-11D3-BF4B-00C04F79EFBC}") = "FreeTrain.Controls.2008", "lib\Controls\FreeTrain.Controls.2008.csproj", "{D3B86CCE-530E-4472-AE8E-3FA5F903C206}"
EndProject
Project("{FAE04EC0-301F-11D3-BF4B-00C04F79EFBC}") = "Driver.2008", "tools\Driver\Driver.2008.csproj", "{17B6AE46-0110-4C40-98EB-5F7E4E16C050}"
	ProjectSection(ProjectDependencies) = postProject
		{D01D6622-F67B-4EDC-8CA3-4E1A8FCA422B} = {D01D6622-F67B-4EDC-8CA3-4E1A8FCA422B}
		{F5C10827-E301-426F-B1CA-9EFFE49539C6} = {F5C10827-E301-426F-B1CA-9EFFE49539C6}
		{21F3202B-B5D1-41B2-9808-9FB4E87D848A} = {21F3202B-B5D1-41B2-9808-9FB4E87D848A}
		{7264D32E-75DB-4C13-9EE4-E6263FD5B652} = {7264D32E-75DB-4C13-9EE4-E6263FD5B652}
		{FBA1BF4E-5481-41AC-BED0-6D6326CC4C2F} = {FBA1BF4E-5481-41AC-BED0-6D6326CC4C2F}
		{7746CF50-D84E-4E7B-83FB-AB43DB854DA8} = {7746CF50-D84E-4E7B-83FB-AB43DB854DA8}
		{1A7A0168-D783-4F4A-9B39-FBCCB08078AE} = {1A7A0168-D783-4F4A-9B39-FBCCB08078AE}
		{14C6D588-E391-49CE-A1D2-2A8A2A60A540} = {14C6D588-E391-49CE-A1D2-2A8A2A60A540}
		{9213F69B-447F-4B92-A046-BE7506871F47} = {9213F69B-447F-4B92-A046-BE7506871F47}
		{21B1FB9B-EDD9-482E-B559-628FC0C9A5BD} = {21B1FB9B-EDD9-482E-B559-628FC0C9A5BD}
		{4380999E-CA4C-4AA2-8848-12FFABF72535} = {4380999E-CA4C-4AA2-8848-12FFABF72535}
		{BB5CC2A0-A3C7-447C-85B1-0133BB434314} = {BB5CC2A0-A3C7-447C-85B1-0133BB434314}
		{F209ABA2-B4B3-4C9C-8540-8B06071994FC} = {F209ABA2-B4B3-4C9C-8540-8B06071994FC}
		{058250A9-3BD8-418A-A3C3-6BD38F564520} = {058250A9-3BD8-418A-A3C3-6BD38F564520}
		{0A4B71B6-8E25-499F-B797-8D468051A905} = {0A4B71B6-8E25-499F-B797-8D468051A905}
		{45E5B5B6-274B-46D2-9F29-45D953D59728} = {45E5B5B6-274B-46D2-9F29-45D953D59728}
		{24E010BF-3085-42D2-812C-FD01D2AB446E} = {24E010BF-3085-42D2-812C-FD01D2AB446E}
		{508553C7-F40C-4513-A45F-9058C5C65452} = {508553C7-F40C-4513-A45F-9058C5C65452}
		{D3B86CCE-530E-4472-AE8E-3FA5F903C206} = {D3B86CCE-530E-4472-AE8E-3FA5F903C206}
		{DB6C03D1-4F10-42F3-A475-232234487085} = {DB6C03D1-4F10-42F3-A475-232234487085}
		{717EB2D5-4AF0-40BD-967D-EA4FDB969852} = {717EB2D5-4AF0-40BD-967D-EA4FDB969852}
		{4C35BAD5-CAEE-498F-9BA7-8771FBEA4979} = {4C35BAD5-CAEE-498F-9BA7-8771FBEA4979}
		{A9C4C2DD-509F-448B-A74F-176590457CED} = {A9C4C2DD-509F-448B-A74F-176590457CED}
		{15D46FE4-4C72-426E-8A54-D8922AAD8E75} = {15D46FE4-4C72-426E-8A54-D8922AAD8E75}
		{E388A2ED-7487-4BFC-AF79-F8C827B39346} = {E388A2ED-7487-4BFC-AF79-F8C827B39346}
		{FD37B5F1-A12B-42F5-B768-4FA21DF5E1D6} = {FD37B5F1-A12B-42F5-B768-4FA21DF5E1D6}
		{C99B71F5-3EAF-4736-BB8F-926B0F232F9B} = {C99B71F5-3EAF-4736-BB8F-926B0F232F9B}
		{1DFD6EFB-270C-4ABE-BA76-AE56815C9F00} = {1DFD6EFB-270C-4ABE-BA76-AE56815C9F00}
		{AD3CD7FE-3E36-40D3-AA25-F635D73B3C7C} = {AD3CD7FE-3E36-40D3-AA25-F635D73B3C7C}
		{C874FCFE-6EBB-4C73-99AF-6FF19AB735A3} = {C874FCFE-6EBB-4C73-99AF-6FF19AB735A3}
	EndProjectSection
EndProject
Project("{FAE04EC0-301F-11D3-BF4B-00C04F79EFBC}") = "Tool.ColorDiff.2008", "tools\ColorDiff\Tool.ColorDiff.2008.csproj", "{508553C7-F40C-4513-A45F-9058C5C65452}"
EndProject
Project("{FAE04EC0-301F-11D3-BF4B-00C04F79EFBC}") = "Tool.GUIDGen.2008", "tools\GUIDGen\Tool.GUIDGen.2008.csproj", "{717EB2D5-4AF0-40BD-967D-EA4FDB969852}"
EndProject
Project("{FAE04EC0-301F-11D3-BF4B-00C04F79EFBC}") = "Tool.PicturePreviewer.2008", "tools\PicturePreviewer\Tool.PicturePreviewer.2008.csproj", "{15D46FE4-4C72-426E-8A54-D8922AAD8E75}"
EndProject
Project("{FAE04EC0-301F-11D3-BF4B-00C04F79EFBC}") = "Tool.TrainListBuilder.2008", "tools\TrainListBuilder\Tool.TrainListBuilder.2008.csproj", "{45E5B5B6-274B-46D2-9F29-45D953D59728}"
EndProject
Project("{FAE04EC0-301F-11D3-BF4B-00C04F79EFBC}") = "Tool.XmlCombiner.2008", "tools\XmlCombiner\Tool.XmlCombiner.2008.csproj", "{24E010BF-3085-42D2-812C-FD01D2AB446E}"
EndProject
Project("{FAE04EC0-301F-11D3-BF4B-00C04F79EFBC}") = "FreeTrain.Creek.Eikichiya.2008", "plugins\org.kohsuke.freetrain.land.creek.eikichiya\FreeTrain.Creek.Eikichiya.2008.csproj", "{FD37B5F1-A12B-42F5-B768-4FA21DF5E1D6}"
EndProject
Project("{FAE04EC0-301F-11D3-BF4B-00C04F79EFBC}") = "FreeTrain.RiceField.2008", "plugins\org.kohsuke.freetrain.land.ricefield\FreeTrain.RiceField.2008.csproj", "{BB5CC2A0-A3C7-447C-85B1-0133BB434314}"
EndProject
Project("{FAE04EC0-301F-11D3-BF4B-00C04F79EFBC}") = "FreeTrain.A4MemBGM.2008", "plugins\org.kohsuke.freetrain.music.a4mem\FreeTrain.A4MemBGM.2008.csproj", "{058250A9-3BD8-418A-A3C3-6BD38F564520}"
EndProject
Project("{FAE04EC0-301F-11D3-BF4B-00C04F79EFBC}") = "FreeTrain.TrainGarage.2008", "plugins\org.kohsuke.freetrain.rail.garage\FreeTrain.TrainGarage.2008.csproj", "{E388A2ED-7487-4BFC-AF79-F8C827B39346}"
EndProject
Project("{FAE04EC0-301F-11D3-BF4B-00C04F79EFBC}") = "FreeTrain.RailSignal.2008", "plugins\org.kohsuke.freetrain.rail.signal\FreeTrain.RailSignal.2008.csproj", "{F5C10827-E301-426F-B1CA-9EFFE49539C6}"
EndProject
Project("{FAE04EC0-301F-11D3-BF4B-00C04F79EFBC}") = "FreeTrain.SoccerStadium.2008", "plugins\org.kohsuke.freetrain.soccerStadium\FreeTrain.SoccerStadium.2008.csproj", "{A9C4C2DD-509F-448B-A74F-176590457CED}"
EndProject
Project("{FAE04EC0-301F-11D3-BF4B-00C04F79EFBC}") = "FreeTrain.ColorTestTrain.2008", "plugins\org.kohsuke.freetrain.trains.colorTest\FreeTrain.ColorTestTrain.2008.csproj", "{4380999E-CA4C-4AA2-8848-12FFABF72535}"
EndProject
Project("{FAE04EC0-301F-11D3-BF4B-00C04F79EFBC}") = "FreeTrain.DebugWindow.2008", "plugins\org.kohsuke.freetrain.tools.dbgwnd\FreeTrain.DebugWindow.2008.csproj", "{F209ABA2-B4B3-4C9C-8540-8B06071994FC}"
EndProject
Project("{FAE04EC0-301F-11D3-BF4B-00C04F79EFBC}") = "FreeTrain.TerrainLoader.2008", "plugins\org.kohsuke.freetrain.tools.terrainloader\FreeTrain.TerrainLoader.2008.csproj", "{21F3202B-B5D1-41B2-9808-9FB4E87D848A}"
EndProject
Project("{FAE04EC0-301F-11D3-BF4B-00C04F79EFBC}") = "FreeTrain.Terrace.2008", "plugins\org.kohsuke.freetrain.terrain.terrace\FreeTrain.Terrace.2008.csproj", "{21B1FB9B-EDD9-482E-B559-628FC0C9A5BD}"
EndProject
Project("{FAE04EC0-301F-11D3-BF4B-00C04F79EFBC}") = "FreeTrain.ManualTrainController.2008", "plugins\org.kohsuke.freetrain.tc.manual\FreeTrain.ManualTrainController.2008.csproj", "{1DFD6EFB-270C-4ABE-BA76-AE56815C9F00}"
EndProject
Project("{FAE04EC0-301F-11D3-BF4B-00C04F79EFBC}") = "FreeTrain.TATTrainController.2008", "plugins\org.kohsuke.freetrain.tc.tat\FreeTrain.TATTrainController.2008.csproj", "{C874FCFE-6EBB-4C73-99AF-6FF19AB735A3}"
EndProject
Project("{FAE04EC0-301F-11D3-BF4B-00C04F79EFBC}") = "FreeTrain.VinylHouse.2008", "plugins\org.kohsuke.freetrain.land.477\FreeTrain.VinylHouse.2008.csproj", "{D01D6622-F67B-4EDC-8CA3-4E1A8FCA422B}"
EndProject
Project("{FAE04EC0-301F-11D3-BF4B-00C04F79EFBC}") = "FreeTrain.Forest.2008", "plugins\org.kohsuke.freetrain.land.forest\FreeTrain.Forest.2008.csproj", "{1A7A0168-D783-4F4A-9B39-FBCCB08078AE}"
EndProject
Project("{FAE04EC0-301F-11D3-BF4B-00C04F79EFBC}") = "FreeTrain.ElectricPole.2008", "plugins\org.kohsuke.freetrain.rail.electricPole\FreeTrain.ElectricPole.2008.csproj", "{AD3CD7FE-3E36-40D3-AA25-F635D73B3C7C}"
EndProject
Project("{FAE04EC0-301F-11D3-BF4B-00C04F79EFBC}") = "FreeTrain.Bank.2008", "plugins\jp.co.tripod.chiname.financial.bank\FreeTrain.Bank.2008.csproj", "{4C35BAD5-CAEE-498F-9BA7-8771FBEA4979}"
EndProject
Project("{FAE04EC0-301F-11D3-BF4B-00C04F79EFBC}") = "FreeTrain.StockMarket.2008", "plugins\jp.co.tripod.chiname.financial.stockmarket\FreeTrain.StockMarket.2008.csproj", "{9213F69B-447F-4B92-A046-BE7506871F47}"
EndProject
Project("{FAE04EC0-301F-11D3-BF4B-00C04F79EFBC}") = "FreeTrain.RoadAccessory.2008", "plugins\jp.co.tripod.chiname.lib\src\RoadAccessory\FreeTrain.RoadAccessory.2008.csproj", "{7264D32E-75DB-4C13-9EE4-E6263FD5B652}"
EndProject
Project("{FAE04EC0-301F-11D3-BF4B-00C04F79EFBC}") = "FreeTrain.DummyCars.2008", "plugins\jp.co.tripod.chiname.lib\src\DummyCars\FreeTrain.DummyCars.2008.csproj", "{C99B71F5-3EAF-4736-BB8F-926B0F232F9B}"
EndProject
Project("{FAE04EC0-301F-11D3-BF4B-00C04F79EFBC}") = "FreeTrain.HalfVoxelStructure.2008", "plugins\jp.co.tripod.chiname.lib.halfvoxel\FreeTrain.HalfVoxelStructure.2008.csproj", "{FBA1BF4E-5481-41AC-BED0-6D6326CC4C2F}"
EndProject
Project("{FAE04EC0-301F-11D3-BF4B-00C04F79EFBC}") = "FreeTrain.ContribEx.2008", "plugins\jp.co.tripod.chiname.lib.generic\FreeTrain.ContribEx.2008.csproj", "{14C6D588-E391-49CE-A1D2-2A8A2A60A540}"
EndProject
Project("{FAE04EC0-301F-11D3-BF4B-00C04F79EFBC}") = "FreeTrain.Fence.2008", "plugins\jp.co.tripod.chiname.lib.fence\FreeTrain.Fence.2008.csproj", "{DB6C03D1-4F10-42F3-A475-232234487085}"
EndProject
Project("{FAE04EC0-301F-11D3-BF4B-00C04F79EFBC}") = "FreeTrain.ExAV.Plugin.Tools.StationList.2008", "plugins\jp.sourceforge.freetrain-exav.plugin.tools.stationlist\FreeTrain.ExAV.Plugin.Tools.StationList.2008.csproj", "{0A4B71B6-8E25-499F-B797-8D468051A905}"
EndProject
Project("{FAE04EC0-301F-11D3-BF4B-00C04F79EFBC}") = "FreeTrain.Mountain2.2008", "plugins\foobarbazer.Mountain2\FreeTrain.Mountain2.2008.csproj", "{8CDEC7AB-CFE3-4765-8503-1419D1823117}"
EndProject
Project("{FAE04EC0-301F-11D3-BF4B-00C04F79EFBC}") = "FreeTrain.SpeedLimit", "plugins\SpeedLimit\FreeTrain.SpeedLimit.csproj", "{B4782B5C-6371-43FE-AA71-B6AD9EED8ADC}"
EndProject
Global
	GlobalSection(SolutionConfigurationPlatforms) = preSolution
		Debug Unicode|Any CPU = Debug Unicode|Any CPU
		Debug Unicode|Mixed Platforms = Debug Unicode|Mixed Platforms
		Debug Unicode|Win32 = Debug Unicode|Win32
		Debug Unicode|x86 = Debug Unicode|x86
		Debug|Any CPU = Debug|Any CPU
		Debug|Mixed Platforms = Debug|Mixed Platforms
		Debug|Win32 = Debug|Win32
		Debug|x86 = Debug|x86
		Release Unicode|Any CPU = Release Unicode|Any CPU
		Release Unicode|Mixed Platforms = Release Unicode|Mixed Platforms
		Release Unicode|Win32 = Release Unicode|Win32
		Release Unicode|x86 = Release Unicode|x86
		Release|Any CPU = Release|Any CPU
		Release|Mixed Platforms = Release|Mixed Platforms
		Release|Win32 = Release|Win32
		Release|x86 = Release|x86
	EndGlobalSection
	GlobalSection(ProjectConfigurationPlatforms) = postSolution
		{7746CF50-D84E-4E7B-83FB-AB43DB854DA8}.Debug Unicode|Any CPU.ActiveCfg = Debug|Any CPU
		{7746CF50-D84E-4E7B-83FB-AB43DB854DA8}.Debug Unicode|Any CPU.Build.0 = Debug|Any CPU
		{7746CF50-D84E-4E7B-83FB-AB43DB854DA8}.Debug Unicode|Mixed Platforms.ActiveCfg = Debug|Any CPU
		{7746CF50-D84E-4E7B-83FB-AB43DB854DA8}.Debug Unicode|Mixed Platforms.Build.0 = Debug|Any CPU
		{7746CF50-D84E-4E7B-83FB-AB43DB854DA8}.Debug Unicode|Win32.ActiveCfg = Debug|Any CPU
		{7746CF50-D84E-4E7B-83FB-AB43DB854DA8}.Debug Unicode|x86.ActiveCfg = Debug|x86
		{7746CF50-D84E-4E7B-83FB-AB43DB854DA8}.Debug Unicode|x86.Build.0 = Debug|x86
		{7746CF50-D84E-4E7B-83FB-AB43DB854DA8}.Debug|Any CPU.ActiveCfg = Debug|Any CPU
		{7746CF50-D84E-4E7B-83FB-AB43DB854DA8}.Debug|Any CPU.Build.0 = Debug|Any CPU
		{7746CF50-D84E-4E7B-83FB-AB43DB854DA8}.Debug|Mixed Platforms.ActiveCfg = Debug|Any CPU
		{7746CF50-D84E-4E7B-83FB-AB43DB854DA8}.Debug|Mixed Platforms.Build.0 = Debug|Any CPU
		{7746CF50-D84E-4E7B-83FB-AB43DB854DA8}.Debug|Win32.ActiveCfg = Debug|Any CPU
		{7746CF50-D84E-4E7B-83FB-AB43DB854DA8}.Debug|x86.ActiveCfg = Debug|x86
		{7746CF50-D84E-4E7B-83FB-AB43DB854DA8}.Debug|x86.Build.0 = Debug|x86
		{7746CF50-D84E-4E7B-83FB-AB43DB854DA8}.Release Unicode|Any CPU.ActiveCfg = Release|Any CPU
		{7746CF50-D84E-4E7B-83FB-AB43DB854DA8}.Release Unicode|Any CPU.Build.0 = Release|Any CPU
		{7746CF50-D84E-4E7B-83FB-AB43DB854DA8}.Release Unicode|Mixed Platforms.ActiveCfg = Release|Any CPU
		{7746CF50-D84E-4E7B-83FB-AB43DB854DA8}.Release Unicode|Mixed Platforms.Build.0 = Release|Any CPU
		{7746CF50-D84E-4E7B-83FB-AB43DB854DA8}.Release Unicode|Win32.ActiveCfg = Release|Any CPU
		{7746CF50-D84E-4E7B-83FB-AB43DB854DA8}.Release Unicode|x86.ActiveCfg = Release|x86
		{7746CF50-D84E-4E7B-83FB-AB43DB854DA8}.Release Unicode|x86.Build.0 = Release|x86
		{7746CF50-D84E-4E7B-83FB-AB43DB854DA8}.Release|Any CPU.ActiveCfg = Release|Any CPU
		{7746CF50-D84E-4E7B-83FB-AB43DB854DA8}.Release|Any CPU.Build.0 = Release|Any CPU
		{7746CF50-D84E-4E7B-83FB-AB43DB854DA8}.Release|Mixed Platforms.ActiveCfg = Release|Any CPU
		{7746CF50-D84E-4E7B-83FB-AB43DB854DA8}.Release|Mixed Platforms.Build.0 = Release|Any CPU
		{7746CF50-D84E-4E7B-83FB-AB43DB854DA8}.Release|Win32.ActiveCfg = Release|Any CPU
		{7746CF50-D84E-4E7B-83FB-AB43DB854DA8}.Release|x86.ActiveCfg = Release|x86
		{7746CF50-D84E-4E7B-83FB-AB43DB854DA8}.Release|x86.Build.0 = Release|x86
		{D3B86CCE-530E-4472-AE8E-3FA5F903C206}.Debug Unicode|Any CPU.ActiveCfg = Debug|Any CPU
		{D3B86CCE-530E-4472-AE8E-3FA5F903C206}.Debug Unicode|Any CPU.Build.0 = Debug|Any CPU
		{D3B86CCE-530E-4472-AE8E-3FA5F903C206}.Debug Unicode|Mixed Platforms.ActiveCfg = Debug|Any CPU
		{D3B86CCE-530E-4472-AE8E-3FA5F903C206}.Debug Unicode|Mixed Platforms.Build.0 = Debug|Any CPU
		{D3B86CCE-530E-4472-AE8E-3FA5F903C206}.Debug Unicode|Win32.ActiveCfg = Debug|Any CPU
		{D3B86CCE-530E-4472-AE8E-3FA5F903C206}.Debug Unicode|x86.ActiveCfg = Debug|x86
		{D3B86CCE-530E-4472-AE8E-3FA5F903C206}.Debug Unicode|x86.Build.0 = Debug|x86
		{D3B86CCE-530E-4472-AE8E-3FA5F903C206}.Debug|Any CPU.ActiveCfg = Debug|Any CPU
		{D3B86CCE-530E-4472-AE8E-3FA5F903C206}.Debug|Any CPU.Build.0 = Debug|Any CPU
		{D3B86CCE-530E-4472-AE8E-3FA5F903C206}.Debug|Mixed Platforms.ActiveCfg = Debug|Any CPU
		{D3B86CCE-530E-4472-AE8E-3FA5F903C206}.Debug|Mixed Platforms.Build.0 = Debug|Any CPU
		{D3B86CCE-530E-4472-AE8E-3FA5F903C206}.Debug|Win32.ActiveCfg = Debug|Any CPU
		{D3B86CCE-530E-4472-AE8E-3FA5F903C206}.Debug|x86.ActiveCfg = Debug|x86
		{D3B86CCE-530E-4472-AE8E-3FA5F903C206}.Debug|x86.Build.0 = Debug|x86
		{D3B86CCE-530E-4472-AE8E-3FA5F903C206}.Release Unicode|Any CPU.ActiveCfg = Release|Any CPU
		{D3B86CCE-530E-4472-AE8E-3FA5F903C206}.Release Unicode|Any CPU.Build.0 = Release|Any CPU
		{D3B86CCE-530E-4472-AE8E-3FA5F903C206}.Release Unicode|Mixed Platforms.ActiveCfg = Release|Any CPU
		{D3B86CCE-530E-4472-AE8E-3FA5F903C206}.Release Unicode|Mixed Platforms.Build.0 = Release|Any CPU
		{D3B86CCE-530E-4472-AE8E-3FA5F903C206}.Release Unicode|Win32.ActiveCfg = Release|Any CPU
		{D3B86CCE-530E-4472-AE8E-3FA5F903C206}.Release Unicode|x86.ActiveCfg = Release|x86
		{D3B86CCE-530E-4472-AE8E-3FA5F903C206}.Release Unicode|x86.Build.0 = Release|x86
		{D3B86CCE-530E-4472-AE8E-3FA5F903C206}.Release|Any CPU.ActiveCfg = Release|Any CPU
		{D3B86CCE-530E-4472-AE8E-3FA5F903C206}.Release|Any CPU.Build.0 = Release|Any CPU
		{D3B86CCE-530E-4472-AE8E-3FA5F903C206}.Release|Mixed Platforms.ActiveCfg = Release|Any CPU
		{D3B86CCE-530E-4472-AE8E-3FA5F903C206}.Release|Mixed Platforms.Build.0 = Release|Any CPU
		{D3B86CCE-530E-4472-AE8E-3FA5F903C206}.Release|Win32.ActiveCfg = Release|Any CPU
		{D3B86CCE-530E-4472-AE8E-3FA5F903C206}.Release|x86.ActiveCfg = Release|x86
		{D3B86CCE-530E-4472-AE8E-3FA5F903C206}.Release|x86.Build.0 = Release|x86
		{17B6AE46-0110-4C40-98EB-5F7E4E16C050}.Debug Unicode|Any CPU.ActiveCfg = Debug|Any CPU
		{17B6AE46-0110-4C40-98EB-5F7E4E16C050}.Debug Unicode|Any CPU.Build.0 = Debug|Any CPU
		{17B6AE46-0110-4C40-98EB-5F7E4E16C050}.Debug Unicode|Mixed Platforms.ActiveCfg = Debug|Any CPU
		{17B6AE46-0110-4C40-98EB-5F7E4E16C050}.Debug Unicode|Mixed Platforms.Build.0 = Debug|Any CPU
		{17B6AE46-0110-4C40-98EB-5F7E4E16C050}.Debug Unicode|Win32.ActiveCfg = Debug|Any CPU
		{17B6AE46-0110-4C40-98EB-5F7E4E16C050}.Debug Unicode|x86.ActiveCfg = Debug|x86
		{17B6AE46-0110-4C40-98EB-5F7E4E16C050}.Debug Unicode|x86.Build.0 = Debug|x86
		{17B6AE46-0110-4C40-98EB-5F7E4E16C050}.Debug|Any CPU.ActiveCfg = Debug|Any CPU
		{17B6AE46-0110-4C40-98EB-5F7E4E16C050}.Debug|Any CPU.Build.0 = Debug|Any CPU
		{17B6AE46-0110-4C40-98EB-5F7E4E16C050}.Debug|Mixed Platforms.ActiveCfg = Debug|Any CPU
		{17B6AE46-0110-4C40-98EB-5F7E4E16C050}.Debug|Mixed Platforms.Build.0 = Debug|Any CPU
		{17B6AE46-0110-4C40-98EB-5F7E4E16C050}.Debug|Win32.ActiveCfg = Debug|Any CPU
		{17B6AE46-0110-4C40-98EB-5F7E4E16C050}.Debug|x86.ActiveCfg = Debug|x86
		{17B6AE46-0110-4C40-98EB-5F7E4E16C050}.Debug|x86.Build.0 = Debug|x86
		{17B6AE46-0110-4C40-98EB-5F7E4E16C050}.Release Unicode|Any CPU.ActiveCfg = Release|Any CPU
		{17B6AE46-0110-4C40-98EB-5F7E4E16C050}.Release Unicode|Any CPU.Build.0 = Release|Any CPU
		{17B6AE46-0110-4C40-98EB-5F7E4E16C050}.Release Unicode|Mixed Platforms.ActiveCfg = Release|Any CPU
		{17B6AE46-0110-4C40-98EB-5F7E4E16C050}.Release Unicode|Mixed Platforms.Build.0 = Release|Any CPU
		{17B6AE46-0110-4C40-98EB-5F7E4E16C050}.Release Unicode|Win32.ActiveCfg = Release|Any CPU
		{17B6AE46-0110-4C40-98EB-5F7E4E16C050}.Release Unicode|x86.ActiveCfg = Release|x86
		{17B6AE46-0110-4C40-98EB-5F7E4E16C050}.Release Unicode|x86.Build.0 = Release|x86
		{17B6AE46-0110-4C40-98EB-5F7E4E16C050}.Release|Any CPU.ActiveCfg = Release|Any CPU
		{17B6AE46-0110-4C40-98EB-5F7E4E16C050}.Release|Any CPU.Build.0 = Release|Any CPU
		{17B6AE46-0110-4C40-98EB-5F7E4E16C050}.Release|Mixed Platforms.ActiveCfg = Release|Any CPU
		{17B6AE46-0110-4C40-98EB-5F7E4E16C050}.Release|Mixed Platforms.Build.0 = Release|Any CPU
		{17B6AE46-0110-4C40-98EB-5F7E4E16C050}.Release|Win32.ActiveCfg = Release|Any CPU
		{17B6AE46-0110-4C40-98EB-5F7E4E16C050}.Release|x86.ActiveCfg = Release|x86
		{17B6AE46-0110-4C40-98EB-5F7E4E16C050}.Release|x86.Build.0 = Release|x86
		{508553C7-F40C-4513-A45F-9058C5C65452}.Debug Unicode|Any CPU.ActiveCfg = Debug|Any CPU
		{508553C7-F40C-4513-A45F-9058C5C65452}.Debug Unicode|Any CPU.Build.0 = Debug|Any CPU
		{508553C7-F40C-4513-A45F-9058C5C65452}.Debug Unicode|Mixed Platforms.ActiveCfg = Debug|Any CPU
		{508553C7-F40C-4513-A45F-9058C5C65452}.Debug Unicode|Mixed Platforms.Build.0 = Debug|Any CPU
		{508553C7-F40C-4513-A45F-9058C5C65452}.Debug Unicode|Win32.ActiveCfg = Debug|Any CPU
		{508553C7-F40C-4513-A45F-9058C5C65452}.Debug Unicode|x86.ActiveCfg = Debug|x86
		{508553C7-F40C-4513-A45F-9058C5C65452}.Debug Unicode|x86.Build.0 = Debug|x86
		{508553C7-F40C-4513-A45F-9058C5C65452}.Debug|Any CPU.ActiveCfg = Debug|Any CPU
		{508553C7-F40C-4513-A45F-9058C5C65452}.Debug|Any CPU.Build.0 = Debug|Any CPU
		{508553C7-F40C-4513-A45F-9058C5C65452}.Debug|Mixed Platforms.ActiveCfg = Debug|Any CPU
		{508553C7-F40C-4513-A45F-9058C5C65452}.Debug|Mixed Platforms.Build.0 = Debug|Any CPU
		{508553C7-F40C-4513-A45F-9058C5C65452}.Debug|Win32.ActiveCfg = Debug|Any CPU
		{508553C7-F40C-4513-A45F-9058C5C65452}.Debug|x86.ActiveCfg = Debug|x86
		{508553C7-F40C-4513-A45F-9058C5C65452}.Debug|x86.Build.0 = Debug|x86
		{508553C7-F40C-4513-A45F-9058C5C65452}.Release Unicode|Any CPU.ActiveCfg = Release|Any CPU
		{508553C7-F40C-4513-A45F-9058C5C65452}.Release Unicode|Any CPU.Build.0 = Release|Any CPU
		{508553C7-F40C-4513-A45F-9058C5C65452}.Release Unicode|Mixed Platforms.ActiveCfg = Release|Any CPU
		{508553C7-F40C-4513-A45F-9058C5C65452}.Release Unicode|Mixed Platforms.Build.0 = Release|Any CPU
		{508553C7-F40C-4513-A45F-9058C5C65452}.Release Unicode|Win32.ActiveCfg = Release|Any CPU
		{508553C7-F40C-4513-A45F-9058C5C65452}.Release Unicode|x86.ActiveCfg = Release|x86
		{508553C7-F40C-4513-A45F-9058C5C65452}.Release Unicode|x86.Build.0 = Release|x86
		{508553C7-F40C-4513-A45F-9058C5C65452}.Release|Any CPU.ActiveCfg = Release|Any CPU
		{508553C7-F40C-4513-A45F-9058C5C65452}.Release|Any CPU.Build.0 = Release|Any CPU
		{508553C7-F40C-4513-A45F-9058C5C65452}.Release|Mixed Platforms.ActiveCfg = Release|Any CPU
		{508553C7-F40C-4513-A45F-9058C5C65452}.Release|Mixed Platforms.Build.0 = Release|Any CPU
		{508553C7-F40C-4513-A45F-9058C5C65452}.Release|Win32.ActiveCfg = Release|Any CPU
		{508553C7-F40C-4513-A45F-9058C5C65452}.Release|x86.ActiveCfg = Release|x86
		{508553C7-F40C-4513-A45F-9058C5C65452}.Release|x86.Build.0 = Release|x86
		{717EB2D5-4AF0-40BD-967D-EA4FDB969852}.Debug Unicode|Any CPU.ActiveCfg = Debug|Any CPU
		{717EB2D5-4AF0-40BD-967D-EA4FDB969852}.Debug Unicode|Any CPU.Build.0 = Debug|Any CPU
		{717EB2D5-4AF0-40BD-967D-EA4FDB969852}.Debug Unicode|Mixed Platforms.ActiveCfg = Debug|Any CPU
		{717EB2D5-4AF0-40BD-967D-EA4FDB969852}.Debug Unicode|Mixed Platforms.Build.0 = Debug|Any CPU
		{717EB2D5-4AF0-40BD-967D-EA4FDB969852}.Debug Unicode|Win32.ActiveCfg = Debug|Any CPU
		{717EB2D5-4AF0-40BD-967D-EA4FDB969852}.Debug Unicode|x86.ActiveCfg = Debug|x86
		{717EB2D5-4AF0-40BD-967D-EA4FDB969852}.Debug Unicode|x86.Build.0 = Debug|x86
		{717EB2D5-4AF0-40BD-967D-EA4FDB969852}.Debug|Any CPU.ActiveCfg = Debug|Any CPU
		{717EB2D5-4AF0-40BD-967D-EA4FDB969852}.Debug|Any CPU.Build.0 = Debug|Any CPU
		{717EB2D5-4AF0-40BD-967D-EA4FDB969852}.Debug|Mixed Platforms.ActiveCfg = Debug|Any CPU
		{717EB2D5-4AF0-40BD-967D-EA4FDB969852}.Debug|Mixed Platforms.Build.0 = Debug|Any CPU
		{717EB2D5-4AF0-40BD-967D-EA4FDB969852}.Debug|Win32.ActiveCfg = Debug|Any CPU
		{717EB2D5-4AF0-40BD-967D-EA4FDB969852}.Debug|x86.ActiveCfg = Debug|x86
		{717EB2D5-4AF0-40BD-967D-EA4FDB969852}.Debug|x86.Build.0 = Debug|x86
		{717EB2D5-4AF0-40BD-967D-EA4FDB969852}.Release Unicode|Any CPU.ActiveCfg = Release|Any CPU
		{717EB2D5-4AF0-40BD-967D-EA4FDB969852}.Release Unicode|Any CPU.Build.0 = Release|Any CPU
		{717EB2D5-4AF0-40BD-967D-EA4FDB969852}.Release Unicode|Mixed Platforms.ActiveCfg = Release|Any CPU
		{717EB2D5-4AF0-40BD-967D-EA4FDB969852}.Release Unicode|Mixed Platforms.Build.0 = Release|Any CPU
		{717EB2D5-4AF0-40BD-967D-EA4FDB969852}.Release Unicode|Win32.ActiveCfg = Release|Any CPU
		{717EB2D5-4AF0-40BD-967D-EA4FDB969852}.Release Unicode|x86.ActiveCfg = Release|x86
		{717EB2D5-4AF0-40BD-967D-EA4FDB969852}.Release Unicode|x86.Build.0 = Release|x86
		{717EB2D5-4AF0-40BD-967D-EA4FDB969852}.Release|Any CPU.ActiveCfg = Release|Any CPU
		{717EB2D5-4AF0-40BD-967D-EA4FDB969852}.Release|Any CPU.Build.0 = Release|Any CPU
		{717EB2D5-4AF0-40BD-967D-EA4FDB969852}.Release|Mixed Platforms.ActiveCfg = Release|Any CPU
		{717EB2D5-4AF0-40BD-967D-EA4FDB969852}.Release|Mixed Platforms.Build.0 = Release|Any CPU
		{717EB2D5-4AF0-40BD-967D-EA4FDB969852}.Release|Win32.ActiveCfg = Release|Any CPU
		{717EB2D5-4AF0-40BD-967D-EA4FDB969852}.Release|x86.ActiveCfg = Release|x86
		{717EB2D5-4AF0-40BD-967D-EA4FDB969852}.Release|x86.Build.0 = Release|x86
		{15D46FE4-4C72-426E-8A54-D8922AAD8E75}.Debug Unicode|Any CPU.ActiveCfg = Debug|Any CPU
		{15D46FE4-4C72-426E-8A54-D8922AAD8E75}.Debug Unicode|Any CPU.Build.0 = Debug|Any CPU
		{15D46FE4-4C72-426E-8A54-D8922AAD8E75}.Debug Unicode|Mixed Platforms.ActiveCfg = Debug|Any CPU
		{15D46FE4-4C72-426E-8A54-D8922AAD8E75}.Debug Unicode|Mixed Platforms.Build.0 = Debug|Any CPU
		{15D46FE4-4C72-426E-8A54-D8922AAD8E75}.Debug Unicode|Win32.ActiveCfg = Debug|Any CPU
		{15D46FE4-4C72-426E-8A54-D8922AAD8E75}.Debug Unicode|x86.ActiveCfg = Debug|x86
		{15D46FE4-4C72-426E-8A54-D8922AAD8E75}.Debug Unicode|x86.Build.0 = Debug|x86
		{15D46FE4-4C72-426E-8A54-D8922AAD8E75}.Debug|Any CPU.ActiveCfg = Debug|Any CPU
		{15D46FE4-4C72-426E-8A54-D8922AAD8E75}.Debug|Any CPU.Build.0 = Debug|Any CPU
		{15D46FE4-4C72-426E-8A54-D8922AAD8E75}.Debug|Mixed Platforms.ActiveCfg = Debug|Any CPU
		{15D46FE4-4C72-426E-8A54-D8922AAD8E75}.Debug|Mixed Platforms.Build.0 = Debug|Any CPU
		{15D46FE4-4C72-426E-8A54-D8922AAD8E75}.Debug|Win32.ActiveCfg = Debug|Any CPU
		{15D46FE4-4C72-426E-8A54-D8922AAD8E75}.Debug|x86.ActiveCfg = Debug|x86
		{15D46FE4-4C72-426E-8A54-D8922AAD8E75}.Debug|x86.Build.0 = Debug|x86
		{15D46FE4-4C72-426E-8A54-D8922AAD8E75}.Release Unicode|Any CPU.ActiveCfg = Release|Any CPU
		{15D46FE4-4C72-426E-8A54-D8922AAD8E75}.Release Unicode|Any CPU.Build.0 = Release|Any CPU
		{15D46FE4-4C72-426E-8A54-D8922AAD8E75}.Release Unicode|Mixed Platforms.ActiveCfg = Release|Any CPU
		{15D46FE4-4C72-426E-8A54-D8922AAD8E75}.Release Unicode|Mixed Platforms.Build.0 = Release|Any CPU
		{15D46FE4-4C72-426E-8A54-D8922AAD8E75}.Release Unicode|Win32.ActiveCfg = Release|Any CPU
		{15D46FE4-4C72-426E-8A54-D8922AAD8E75}.Release Unicode|x86.ActiveCfg = Release|x86
		{15D46FE4-4C72-426E-8A54-D8922AAD8E75}.Release Unicode|x86.Build.0 = Release|x86
		{15D46FE4-4C72-426E-8A54-D8922AAD8E75}.Release|Any CPU.ActiveCfg = Release|Any CPU
		{15D46FE4-4C72-426E-8A54-D8922AAD8E75}.Release|Any CPU.Build.0 = Release|Any CPU
		{15D46FE4-4C72-426E-8A54-D8922AAD8E75}.Release|Mixed Platforms.ActiveCfg = Release|Any CPU
		{15D46FE4-4C72-426E-8A54-D8922AAD8E75}.Release|Mixed Platforms.Build.0 = Release|Any CPU
		{15D46FE4-4C72-426E-8A54-D8922AAD8E75}.Release|Win32.ActiveCfg = Release|Any CPU
		{15D46FE4-4C72-426E-8A54-D8922AAD8E75}.Release|x86.ActiveCfg = Release|x86
		{15D46FE4-4C72-426E-8A54-D8922AAD8E75}.Release|x86.Build.0 = Release|x86
		{45E5B5B6-274B-46D2-9F29-45D953D59728}.Debug Unicode|Any CPU.ActiveCfg = Debug|Any CPU
		{45E5B5B6-274B-46D2-9F29-45D953D59728}.Debug Unicode|Any CPU.Build.0 = Debug|Any CPU
		{45E5B5B6-274B-46D2-9F29-45D953D59728}.Debug Unicode|Mixed Platforms.ActiveCfg = Debug|Any CPU
		{45E5B5B6-274B-46D2-9F29-45D953D59728}.Debug Unicode|Mixed Platforms.Build.0 = Debug|Any CPU
		{45E5B5B6-274B-46D2-9F29-45D953D59728}.Debug Unicode|Win32.ActiveCfg = Debug|Any CPU
		{45E5B5B6-274B-46D2-9F29-45D953D59728}.Debug Unicode|x86.ActiveCfg = Debug|x86
		{45E5B5B6-274B-46D2-9F29-45D953D59728}.Debug Unicode|x86.Build.0 = Debug|x86
		{45E5B5B6-274B-46D2-9F29-45D953D59728}.Debug|Any CPU.ActiveCfg = Debug|Any CPU
		{45E5B5B6-274B-46D2-9F29-45D953D59728}.Debug|Any CPU.Build.0 = Debug|Any CPU
		{45E5B5B6-274B-46D2-9F29-45D953D59728}.Debug|Mixed Platforms.ActiveCfg = Debug|Any CPU
		{45E5B5B6-274B-46D2-9F29-45D953D59728}.Debug|Mixed Platforms.Build.0 = Debug|Any CPU
		{45E5B5B6-274B-46D2-9F29-45D953D59728}.Debug|Win32.ActiveCfg = Debug|Any CPU
		{45E5B5B6-274B-46D2-9F29-45D953D59728}.Debug|x86.ActiveCfg = Debug|x86
		{45E5B5B6-274B-46D2-9F29-45D953D59728}.Debug|x86.Build.0 = Debug|x86
		{45E5B5B6-274B-46D2-9F29-45D953D59728}.Release Unicode|Any CPU.ActiveCfg = Release|Any CPU
		{45E5B5B6-274B-46D2-9F29-45D953D59728}.Release Unicode|Any CPU.Build.0 = Release|Any CPU
		{45E5B5B6-274B-46D2-9F29-45D953D59728}.Release Unicode|Mixed Platforms.ActiveCfg = Release|Any CPU
		{45E5B5B6-274B-46D2-9F29-45D953D59728}.Release Unicode|Mixed Platforms.Build.0 = Release|Any CPU
		{45E5B5B6-274B-46D2-9F29-45D953D59728}.Release Unicode|Win32.ActiveCfg = Release|Any CPU
		{45E5B5B6-274B-46D2-9F29-45D953D59728}.Release Unicode|x86.ActiveCfg = Release|x86
		{45E5B5B6-274B-46D2-9F29-45D953D59728}.Release Unicode|x86.Build.0 = Release|x86
		{45E5B5B6-274B-46D2-9F29-45D953D59728}.Release|Any CPU.ActiveCfg = Release|Any CPU
		{45E5B5B6-274B-46D2-9F29-45D953D59728}.Release|Any CPU.Build.0 = Release|Any CPU
		{45E5B5B6-274B-46D2-9F29-45D953D59728}.Release|Mixed Platforms.ActiveCfg = Release|Any CPU
		{45E5B5B6-274B-46D2-9F29-45D953D59728}.Release|Mixed Platforms.Build.0 = Release|Any CPU
		{45E5B5B6-274B-46D2-9F29-45D953D59728}.Release|Win32.ActiveCfg = Release|Any CPU
		{45E5B5B6-274B-46D2-9F29-45D953D59728}.Release|x86.ActiveCfg = Release|x86
		{45E5B5B6-274B-46D2-9F29-45D953D59728}.Release|x86.Build.0 = Release|x86
		{24E010BF-3085-42D2-812C-FD01D2AB446E}.Debug Unicode|Any CPU.ActiveCfg = Debug|Any CPU
		{24E010BF-3085-42D2-812C-FD01D2AB446E}.Debug Unicode|Any CPU.Build.0 = Debug|Any CPU
		{24E010BF-3085-42D2-812C-FD01D2AB446E}.Debug Unicode|Mixed Platforms.ActiveCfg = Debug|Any CPU
		{24E010BF-3085-42D2-812C-FD01D2AB446E}.Debug Unicode|Mixed Platforms.Build.0 = Debug|Any CPU
		{24E010BF-3085-42D2-812C-FD01D2AB446E}.Debug Unicode|Win32.ActiveCfg = Debug|Any CPU
		{24E010BF-3085-42D2-812C-FD01D2AB446E}.Debug Unicode|x86.ActiveCfg = Debug|x86
		{24E010BF-3085-42D2-812C-FD01D2AB446E}.Debug Unicode|x86.Build.0 = Debug|x86
		{24E010BF-3085-42D2-812C-FD01D2AB446E}.Debug|Any CPU.ActiveCfg = Debug|Any CPU
		{24E010BF-3085-42D2-812C-FD01D2AB446E}.Debug|Any CPU.Build.0 = Debug|Any CPU
		{24E010BF-3085-42D2-812C-FD01D2AB446E}.Debug|Mixed Platforms.ActiveCfg = Debug|Any CPU
		{24E010BF-3085-42D2-812C-FD01D2AB446E}.Debug|Mixed Platforms.Build.0 = Debug|Any CPU
		{24E010BF-3085-42D2-812C-FD01D2AB446E}.Debug|Win32.ActiveCfg = Debug|Any CPU
		{24E010BF-3085-42D2-812C-FD01D2AB446E}.Debug|x86.ActiveCfg = Debug|x86
		{24E010BF-3085-42D2-812C-FD01D2AB446E}.Debug|x86.Build.0 = Debug|x86
		{24E010BF-3085-42D2-812C-FD01D2AB446E}.Release Unicode|Any CPU.ActiveCfg = Release|Any CPU
		{24E010BF-3085-42D2-812C-FD01D2AB446E}.Release Unicode|Any CPU.Build.0 = Release|Any CPU
		{24E010BF-3085-42D2-812C-FD01D2AB446E}.Release Unicode|Mixed Platforms.ActiveCfg = Release|Any CPU
		{24E010BF-3085-42D2-812C-FD01D2AB446E}.Release Unicode|Mixed Platforms.Build.0 = Release|Any CPU
		{24E010BF-3085-42D2-812C-FD01D2AB446E}.Release Unicode|Win32.ActiveCfg = Release|Any CPU
		{24E010BF-3085-42D2-812C-FD01D2AB446E}.Release Unicode|x86.ActiveCfg = Release|x86
		{24E010BF-3085-42D2-812C-FD01D2AB446E}.Release Unicode|x86.Build.0 = Release|x86
		{24E010BF-3085-42D2-812C-FD01D2AB446E}.Release|Any CPU.ActiveCfg = Release|Any CPU
		{24E010BF-3085-42D2-812C-FD01D2AB446E}.Release|Any CPU.Build.0 = Release|Any CPU
		{24E010BF-3085-42D2-812C-FD01D2AB446E}.Release|Mixed Platforms.ActiveCfg = Release|Any CPU
		{24E010BF-3085-42D2-812C-FD01D2AB446E}.Release|Mixed Platforms.Build.0 = Release|Any CPU
		{24E010BF-3085-42D2-812C-FD01D2AB446E}.Release|Win32.ActiveCfg = Release|Any CPU
		{24E010BF-3085-42D2-812C-FD01D2AB446E}.Release|x86.ActiveCfg = Release|x86
		{24E010BF-3085-42D2-812C-FD01D2AB446E}.Release|x86.Build.0 = Release|x86
		{FD37B5F1-A12B-42F5-B768-4FA21DF5E1D6}.Debug Unicode|Any CPU.ActiveCfg = Debug|Any CPU
		{FD37B5F1-A12B-42F5-B768-4FA21DF5E1D6}.Debug Unicode|Any CPU.Build.0 = Debug|Any CPU
		{FD37B5F1-A12B-42F5-B768-4FA21DF5E1D6}.Debug Unicode|Mixed Platforms.ActiveCfg = Debug|Any CPU
		{FD37B5F1-A12B-42F5-B768-4FA21DF5E1D6}.Debug Unicode|Mixed Platforms.Build.0 = Debug|Any CPU
		{FD37B5F1-A12B-42F5-B768-4FA21DF5E1D6}.Debug Unicode|Win32.ActiveCfg = Debug|Any CPU
		{FD37B5F1-A12B-42F5-B768-4FA21DF5E1D6}.Debug Unicode|x86.ActiveCfg = Debug|x86
		{FD37B5F1-A12B-42F5-B768-4FA21DF5E1D6}.Debug Unicode|x86.Build.0 = Debug|x86
		{FD37B5F1-A12B-42F5-B768-4FA21DF5E1D6}.Debug|Any CPU.ActiveCfg = Debug|Any CPU
		{FD37B5F1-A12B-42F5-B768-4FA21DF5E1D6}.Debug|Any CPU.Build.0 = Debug|Any CPU
		{FD37B5F1-A12B-42F5-B768-4FA21DF5E1D6}.Debug|Mixed Platforms.ActiveCfg = Debug|Any CPU
		{FD37B5F1-A12B-42F5-B768-4FA21DF5E1D6}.Debug|Mixed Platforms.Build.0 = Debug|Any CPU
		{FD37B5F1-A12B-42F5-B768-4FA21DF5E1D6}.Debug|Win32.ActiveCfg = Debug|Any CPU
		{FD37B5F1-A12B-42F5-B768-4FA21DF5E1D6}.Debug|x86.ActiveCfg = Debug|x86
		{FD37B5F1-A12B-42F5-B768-4FA21DF5E1D6}.Debug|x86.Build.0 = Debug|x86
		{FD37B5F1-A12B-42F5-B768-4FA21DF5E1D6}.Release Unicode|Any CPU.ActiveCfg = Release|Any CPU
		{FD37B5F1-A12B-42F5-B768-4FA21DF5E1D6}.Release Unicode|Any CPU.Build.0 = Release|Any CPU
		{FD37B5F1-A12B-42F5-B768-4FA21DF5E1D6}.Release Unicode|Mixed Platforms.ActiveCfg = Release|Any CPU
		{FD37B5F1-A12B-42F5-B768-4FA21DF5E1D6}.Release Unicode|Mixed Platforms.Build.0 = Release|Any CPU
		{FD37B5F1-A12B-42F5-B768-4FA21DF5E1D6}.Release Unicode|Win32.ActiveCfg = Release|Any CPU
		{FD37B5F1-A12B-42F5-B768-4FA21DF5E1D6}.Release Unicode|x86.ActiveCfg = Release|x86
		{FD37B5F1-A12B-42F5-B768-4FA21DF5E1D6}.Release Unicode|x86.Build.0 = Release|x86
		{FD37B5F1-A12B-42F5-B768-4FA21DF5E1D6}.Release|Any CPU.ActiveCfg = Release|Any CPU
		{FD37B5F1-A12B-42F5-B768-4FA21DF5E1D6}.Release|Any CPU.Build.0 = Release|Any CPU
		{FD37B5F1-A12B-42F5-B768-4FA21DF5E1D6}.Release|Mixed Platforms.ActiveCfg = Release|Any CPU
		{FD37B5F1-A12B-42F5-B768-4FA21DF5E1D6}.Release|Mixed Platforms.Build.0 = Release|Any CPU
		{FD37B5F1-A12B-42F5-B768-4FA21DF5E1D6}.Release|Win32.ActiveCfg = Release|Any CPU
		{FD37B5F1-A12B-42F5-B768-4FA21DF5E1D6}.Release|x86.ActiveCfg = Release|x86
		{FD37B5F1-A12B-42F5-B768-4FA21DF5E1D6}.Release|x86.Build.0 = Release|x86
		{BB5CC2A0-A3C7-447C-85B1-0133BB434314}.Debug Unicode|Any CPU.ActiveCfg = Debug|Any CPU
		{BB5CC2A0-A3C7-447C-85B1-0133BB434314}.Debug Unicode|Any CPU.Build.0 = Debug|Any CPU
		{BB5CC2A0-A3C7-447C-85B1-0133BB434314}.Debug Unicode|Mixed Platforms.ActiveCfg = Debug|Any CPU
		{BB5CC2A0-A3C7-447C-85B1-0133BB434314}.Debug Unicode|Mixed Platforms.Build.0 = Debug|Any CPU
		{BB5CC2A0-A3C7-447C-85B1-0133BB434314}.Debug Unicode|Win32.ActiveCfg = Debug|Any CPU
		{BB5CC2A0-A3C7-447C-85B1-0133BB434314}.Debug Unicode|x86.ActiveCfg = Debug|x86
		{BB5CC2A0-A3C7-447C-85B1-0133BB434314}.Debug Unicode|x86.Build.0 = Debug|x86
		{BB5CC2A0-A3C7-447C-85B1-0133BB434314}.Debug|Any CPU.ActiveCfg = Debug|Any CPU
		{BB5CC2A0-A3C7-447C-85B1-0133BB434314}.Debug|Any CPU.Build.0 = Debug|Any CPU
		{BB5CC2A0-A3C7-447C-85B1-0133BB434314}.Debug|Mixed Platforms.ActiveCfg = Debug|Any CPU
		{BB5CC2A0-A3C7-447C-85B1-0133BB434314}.Debug|Mixed Platforms.Build.0 = Debug|Any CPU
		{BB5CC2A0-A3C7-447C-85B1-0133BB434314}.Debug|Win32.ActiveCfg = Debug|Any CPU
		{BB5CC2A0-A3C7-447C-85B1-0133BB434314}.Debug|x86.ActiveCfg = Debug|x86
		{BB5CC2A0-A3C7-447C-85B1-0133BB434314}.Debug|x86.Build.0 = Debug|x86
		{BB5CC2A0-A3C7-447C-85B1-0133BB434314}.Release Unicode|Any CPU.ActiveCfg = Release|Any CPU
		{BB5CC2A0-A3C7-447C-85B1-0133BB434314}.Release Unicode|Any CPU.Build.0 = Release|Any CPU
		{BB5CC2A0-A3C7-447C-85B1-0133BB434314}.Release Unicode|Mixed Platforms.ActiveCfg = Release|Any CPU
		{BB5CC2A0-A3C7-447C-85B1-0133BB434314}.Release Unicode|Mixed Platforms.Build.0 = Release|Any CPU
		{BB5CC2A0-A3C7-447C-85B1-0133BB434314}.Release Unicode|Win32.ActiveCfg = Release|Any CPU
		{BB5CC2A0-A3C7-447C-85B1-0133BB434314}.Release Unicode|x86.ActiveCfg = Release|x86
		{BB5CC2A0-A3C7-447C-85B1-0133BB434314}.Release Unicode|x86.Build.0 = Release|x86
		{BB5CC2A0-A3C7-447C-85B1-0133BB434314}.Release|Any CPU.ActiveCfg = Release|Any CPU
		{BB5CC2A0-A3C7-447C-85B1-0133BB434314}.Release|Any CPU.Build.0 = Release|Any CPU
		{BB5CC2A0-A3C7-447C-85B1-0133BB434314}.Release|Mixed Platforms.ActiveCfg = Release|Any CPU
		{BB5CC2A0-A3C7-447C-85B1-0133BB434314}.Release|Mixed Platforms.Build.0 = Release|Any CPU
		{BB5CC2A0-A3C7-447C-85B1-0133BB434314}.Release|Win32.ActiveCfg = Release|Any CPU
		{BB5CC2A0-A3C7-447C-85B1-0133BB434314}.Release|x86.ActiveCfg = Release|x86
		{BB5CC2A0-A3C7-447C-85B1-0133BB434314}.Release|x86.Build.0 = Release|x86
		{058250A9-3BD8-418A-A3C3-6BD38F564520}.Debug Unicode|Any CPU.ActiveCfg = Debug|Any CPU
		{058250A9-3BD8-418A-A3C3-6BD38F564520}.Debug Unicode|Any CPU.Build.0 = Debug|Any CPU
		{058250A9-3BD8-418A-A3C3-6BD38F564520}.Debug Unicode|Mixed Platforms.ActiveCfg = Debug|Any CPU
		{058250A9-3BD8-418A-A3C3-6BD38F564520}.Debug Unicode|Mixed Platforms.Build.0 = Debug|Any CPU
		{058250A9-3BD8-418A-A3C3-6BD38F564520}.Debug Unicode|Win32.ActiveCfg = Debug|Any CPU
		{058250A9-3BD8-418A-A3C3-6BD38F564520}.Debug Unicode|x86.ActiveCfg = Debug|x86
		{058250A9-3BD8-418A-A3C3-6BD38F564520}.Debug Unicode|x86.Build.0 = Debug|x86
		{058250A9-3BD8-418A-A3C3-6BD38F564520}.Debug|Any CPU.ActiveCfg = Debug|Any CPU
		{058250A9-3BD8-418A-A3C3-6BD38F564520}.Debug|Any CPU.Build.0 = Debug|Any CPU
		{058250A9-3BD8-418A-A3C3-6BD38F564520}.Debug|Mixed Platforms.ActiveCfg = Debug|Any CPU
		{058250A9-3BD8-418A-A3C3-6BD38F564520}.Debug|Mixed Platforms.Build.0 = Debug|Any CPU
		{058250A9-3BD8-418A-A3C3-6BD38F564520}.Debug|Win32.ActiveCfg = Debug|Any CPU
		{058250A9-3BD8-418A-A3C3-6BD38F564520}.Debug|x86.ActiveCfg = Debug|x86
		{058250A9-3BD8-418A-A3C3-6BD38F564520}.Debug|x86.Build.0 = Debug|x86
		{058250A9-3BD8-418A-A3C3-6BD38F564520}.Release Unicode|Any CPU.ActiveCfg = Release|Any CPU
		{058250A9-3BD8-418A-A3C3-6BD38F564520}.Release Unicode|Any CPU.Build.0 = Release|Any CPU
		{058250A9-3BD8-418A-A3C3-6BD38F564520}.Release Unicode|Mixed Platforms.ActiveCfg = Release|Any CPU
		{058250A9-3BD8-418A-A3C3-6BD38F564520}.Release Unicode|Mixed Platforms.Build.0 = Release|Any CPU
		{058250A9-3BD8-418A-A3C3-6BD38F564520}.Release Unicode|Win32.ActiveCfg = Release|Any CPU
		{058250A9-3BD8-418A-A3C3-6BD38F564520}.Release Unicode|x86.ActiveCfg = Release|x86
		{058250A9-3BD8-418A-A3C3-6BD38F564520}.Release Unicode|x86.Build.0 = Release|x86
		{058250A9-3BD8-418A-A3C3-6BD38F564520}.Release|Any CPU.ActiveCfg = Release|Any CPU
		{058250A9-3BD8-418A-A3C3-6BD38F564520}.Release|Any CPU.Build.0 = Release|Any CPU
		{058250A9-3BD8-418A-A3C3-6BD38F564520}.Release|Mixed Platforms.ActiveCfg = Release|Any CPU
		{058250A9-3BD8-418A-A3C3-6BD38F564520}.Release|Mixed Platforms.Build.0 = Release|Any CPU
		{058250A9-3BD8-418A-A3C3-6BD38F564520}.Release|Win32.ActiveCfg = Release|Any CPU
		{058250A9-3BD8-418A-A3C3-6BD38F564520}.Release|x86.ActiveCfg = Release|x86
		{058250A9-3BD8-418A-A3C3-6BD38F564520}.Release|x86.Build.0 = Release|x86
		{E388A2ED-7487-4BFC-AF79-F8C827B39346}.Debug Unicode|Any CPU.ActiveCfg = Debug|Any CPU
		{E388A2ED-7487-4BFC-AF79-F8C827B39346}.Debug Unicode|Any CPU.Build.0 = Debug|Any CPU
		{E388A2ED-7487-4BFC-AF79-F8C827B39346}.Debug Unicode|Mixed Platforms.ActiveCfg = Debug|Any CPU
		{E388A2ED-7487-4BFC-AF79-F8C827B39346}.Debug Unicode|Mixed Platforms.Build.0 = Debug|Any CPU
		{E388A2ED-7487-4BFC-AF79-F8C827B39346}.Debug Unicode|Win32.ActiveCfg = Debug|Any CPU
		{E388A2ED-7487-4BFC-AF79-F8C827B39346}.Debug Unicode|x86.ActiveCfg = Debug|x86
		{E388A2ED-7487-4BFC-AF79-F8C827B39346}.Debug Unicode|x86.Build.0 = Debug|x86
		{E388A2ED-7487-4BFC-AF79-F8C827B39346}.Debug|Any CPU.ActiveCfg = Debug|Any CPU
		{E388A2ED-7487-4BFC-AF79-F8C827B39346}.Debug|Any CPU.Build.0 = Debug|Any CPU
		{E388A2ED-7487-4BFC-AF79-F8C827B39346}.Debug|Mixed Platforms.ActiveCfg = Debug|Any CPU
		{E388A2ED-7487-4BFC-AF79-F8C827B39346}.Debug|Mixed Platforms.Build.0 = Debug|Any CPU
		{E388A2ED-7487-4BFC-AF79-F8C827B39346}.Debug|Win32.ActiveCfg = Debug|Any CPU
		{E388A2ED-7487-4BFC-AF79-F8C827B39346}.Debug|x86.ActiveCfg = Debug|x86
		{E388A2ED-7487-4BFC-AF79-F8C827B39346}.Debug|x86.Build.0 = Debug|x86
		{E388A2ED-7487-4BFC-AF79-F8C827B39346}.Release Unicode|Any CPU.ActiveCfg = Release|Any CPU
		{E388A2ED-7487-4BFC-AF79-F8C827B39346}.Release Unicode|Any CPU.Build.0 = Release|Any CPU
		{E388A2ED-7487-4BFC-AF79-F8C827B39346}.Release Unicode|Mixed Platforms.ActiveCfg = Release|Any CPU
		{E388A2ED-7487-4BFC-AF79-F8C827B39346}.Release Unicode|Mixed Platforms.Build.0 = Release|Any CPU
		{E388A2ED-7487-4BFC-AF79-F8C827B39346}.Release Unicode|Win32.ActiveCfg = Release|Any CPU
		{E388A2ED-7487-4BFC-AF79-F8C827B39346}.Release Unicode|x86.ActiveCfg = Release|x86
		{E388A2ED-7487-4BFC-AF79-F8C827B39346}.Release Unicode|x86.Build.0 = Release|x86
		{E388A2ED-7487-4BFC-AF79-F8C827B39346}.Release|Any CPU.ActiveCfg = Release|Any CPU
		{E388A2ED-7487-4BFC-AF79-F8C827B39346}.Release|Any CPU.Build.0 = Release|Any CPU
		{E388A2ED-7487-4BFC-AF79-F8C827B39346}.Release|Mixed Platforms.ActiveCfg = Release|Any CPU
		{E388A2ED-7487-4BFC-AF79-F8C827B39346}.Release|Mixed Platforms.Build.0 = Release|Any CPU
		{E388A2ED-7487-4BFC-AF79-F8C827B39346}.Release|Win32.ActiveCfg = Release|Any CPU
		{E388A2ED-7487-4BFC-AF79-F8C827B39346}.Release|x86.ActiveCfg = Release|x86
		{E388A2ED-7487-4BFC-AF79-F8C827B39346}.Release|x86.Build.0 = Release|x86
		{F5C10827-E301-426F-B1CA-9EFFE49539C6}.Debug Unicode|Any CPU.ActiveCfg = Debug|Any CPU
		{F5C10827-E301-426F-B1CA-9EFFE49539C6}.Debug Unicode|Any CPU.Build.0 = Debug|Any CPU
		{F5C10827-E301-426F-B1CA-9EFFE49539C6}.Debug Unicode|Mixed Platforms.ActiveCfg = Debug|Any CPU
		{F5C10827-E301-426F-B1CA-9EFFE49539C6}.Debug Unicode|Mixed Platforms.Build.0 = Debug|Any CPU
		{F5C10827-E301-426F-B1CA-9EFFE49539C6}.Debug Unicode|Win32.ActiveCfg = Debug|Any CPU
		{F5C10827-E301-426F-B1CA-9EFFE49539C6}.Debug Unicode|x86.ActiveCfg = Debug|x86
		{F5C10827-E301-426F-B1CA-9EFFE49539C6}.Debug Unicode|x86.Build.0 = Debug|x86
		{F5C10827-E301-426F-B1CA-9EFFE49539C6}.Debug|Any CPU.ActiveCfg = Debug|Any CPU
		{F5C10827-E301-426F-B1CA-9EFFE49539C6}.Debug|Any CPU.Build.0 = Debug|Any CPU
		{F5C10827-E301-426F-B1CA-9EFFE49539C6}.Debug|Mixed Platforms.ActiveCfg = Debug|Any CPU
		{F5C10827-E301-426F-B1CA-9EFFE49539C6}.Debug|Mixed Platforms.Build.0 = Debug|Any CPU
		{F5C10827-E301-426F-B1CA-9EFFE49539C6}.Debug|Win32.ActiveCfg = Debug|Any CPU
		{F5C10827-E301-426F-B1CA-9EFFE49539C6}.Debug|x86.ActiveCfg = Debug|x86
		{F5C10827-E301-426F-B1CA-9EFFE49539C6}.Debug|x86.Build.0 = Debug|x86
		{F5C10827-E301-426F-B1CA-9EFFE49539C6}.Release Unicode|Any CPU.ActiveCfg = Release|Any CPU
		{F5C10827-E301-426F-B1CA-9EFFE49539C6}.Release Unicode|Any CPU.Build.0 = Release|Any CPU
		{F5C10827-E301-426F-B1CA-9EFFE49539C6}.Release Unicode|Mixed Platforms.ActiveCfg = Release|Any CPU
		{F5C10827-E301-426F-B1CA-9EFFE49539C6}.Release Unicode|Mixed Platforms.Build.0 = Release|Any CPU
		{F5C10827-E301-426F-B1CA-9EFFE49539C6}.Release Unicode|Win32.ActiveCfg = Release|Any CPU
		{F5C10827-E301-426F-B1CA-9EFFE49539C6}.Release Unicode|x86.ActiveCfg = Release|x86
		{F5C10827-E301-426F-B1CA-9EFFE49539C6}.Release Unicode|x86.Build.0 = Release|x86
		{F5C10827-E301-426F-B1CA-9EFFE49539C6}.Release|Any CPU.ActiveCfg = Release|Any CPU
		{F5C10827-E301-426F-B1CA-9EFFE49539C6}.Release|Any CPU.Build.0 = Release|Any CPU
		{F5C10827-E301-426F-B1CA-9EFFE49539C6}.Release|Mixed Platforms.ActiveCfg = Release|Any CPU
		{F5C10827-E301-426F-B1CA-9EFFE49539C6}.Release|Mixed Platforms.Build.0 = Release|Any CPU
		{F5C10827-E301-426F-B1CA-9EFFE49539C6}.Release|Win32.ActiveCfg = Release|Any CPU
		{F5C10827-E301-426F-B1CA-9EFFE49539C6}.Release|x86.ActiveCfg = Release|x86
		{F5C10827-E301-426F-B1CA-9EFFE49539C6}.Release|x86.Build.0 = Release|x86
		{A9C4C2DD-509F-448B-A74F-176590457CED}.Debug Unicode|Any CPU.ActiveCfg = Debug|Any CPU
		{A9C4C2DD-509F-448B-A74F-176590457CED}.Debug Unicode|Any CPU.Build.0 = Debug|Any CPU
		{A9C4C2DD-509F-448B-A74F-176590457CED}.Debug Unicode|Mixed Platforms.ActiveCfg = Debug|Any CPU
		{A9C4C2DD-509F-448B-A74F-176590457CED}.Debug Unicode|Mixed Platforms.Build.0 = Debug|Any CPU
		{A9C4C2DD-509F-448B-A74F-176590457CED}.Debug Unicode|Win32.ActiveCfg = Debug|Any CPU
		{A9C4C2DD-509F-448B-A74F-176590457CED}.Debug Unicode|x86.ActiveCfg = Debug|x86
		{A9C4C2DD-509F-448B-A74F-176590457CED}.Debug Unicode|x86.Build.0 = Debug|x86
		{A9C4C2DD-509F-448B-A74F-176590457CED}.Debug|Any CPU.ActiveCfg = Debug|Any CPU
		{A9C4C2DD-509F-448B-A74F-176590457CED}.Debug|Any CPU.Build.0 = Debug|Any CPU
		{A9C4C2DD-509F-448B-A74F-176590457CED}.Debug|Mixed Platforms.ActiveCfg = Debug|Any CPU
		{A9C4C2DD-509F-448B-A74F-176590457CED}.Debug|Mixed Platforms.Build.0 = Debug|Any CPU
		{A9C4C2DD-509F-448B-A74F-176590457CED}.Debug|Win32.ActiveCfg = Debug|Any CPU
		{A9C4C2DD-509F-448B-A74F-176590457CED}.Debug|x86.ActiveCfg = Debug|x86
		{A9C4C2DD-509F-448B-A74F-176590457CED}.Debug|x86.Build.0 = Debug|x86
		{A9C4C2DD-509F-448B-A74F-176590457CED}.Release Unicode|Any CPU.ActiveCfg = Release|Any CPU
		{A9C4C2DD-509F-448B-A74F-176590457CED}.Release Unicode|Any CPU.Build.0 = Release|Any CPU
		{A9C4C2DD-509F-448B-A74F-176590457CED}.Release Unicode|Mixed Platforms.ActiveCfg = Release|Any CPU
		{A9C4C2DD-509F-448B-A74F-176590457CED}.Release Unicode|Mixed Platforms.Build.0 = Release|Any CPU
		{A9C4C2DD-509F-448B-A74F-176590457CED}.Release Unicode|Win32.ActiveCfg = Release|Any CPU
		{A9C4C2DD-509F-448B-A74F-176590457CED}.Release Unicode|x86.ActiveCfg = Release|x86
		{A9C4C2DD-509F-448B-A74F-176590457CED}.Release Unicode|x86.Build.0 = Release|x86
		{A9C4C2DD-509F-448B-A74F-176590457CED}.Release|Any CPU.ActiveCfg = Release|Any CPU
		{A9C4C2DD-509F-448B-A74F-176590457CED}.Release|Any CPU.Build.0 = Release|Any CPU
		{A9C4C2DD-509F-448B-A74F-176590457CED}.Release|Mixed Platforms.ActiveCfg = Release|Any CPU
		{A9C4C2DD-509F-448B-A74F-176590457CED}.Release|Mixed Platforms.Build.0 = Release|Any CPU
		{A9C4C2DD-509F-448B-A74F-176590457CED}.Release|Win32.ActiveCfg = Release|Any CPU
		{A9C4C2DD-509F-448B-A74F-176590457CED}.Release|x86.ActiveCfg = Release|x86
		{A9C4C2DD-509F-448B-A74F-176590457CED}.Release|x86.Build.0 = Release|x86
		{4380999E-CA4C-4AA2-8848-12FFABF72535}.Debug Unicode|Any CPU.ActiveCfg = Debug|Any CPU
		{4380999E-CA4C-4AA2-8848-12FFABF72535}.Debug Unicode|Any CPU.Build.0 = Debug|Any CPU
		{4380999E-CA4C-4AA2-8848-12FFABF72535}.Debug Unicode|Mixed Platforms.ActiveCfg = Debug|Any CPU
		{4380999E-CA4C-4AA2-8848-12FFABF72535}.Debug Unicode|Mixed Platforms.Build.0 = Debug|Any CPU
		{4380999E-CA4C-4AA2-8848-12FFABF72535}.Debug Unicode|Win32.ActiveCfg = Debug|Any CPU
		{4380999E-CA4C-4AA2-8848-12FFABF72535}.Debug Unicode|x86.ActiveCfg = Debug|x86
		{4380999E-CA4C-4AA2-8848-12FFABF72535}.Debug Unicode|x86.Build.0 = Debug|x86
		{4380999E-CA4C-4AA2-8848-12FFABF72535}.Debug|Any CPU.ActiveCfg = Debug|Any CPU
		{4380999E-CA4C-4AA2-8848-12FFABF72535}.Debug|Any CPU.Build.0 = Debug|Any CPU
		{4380999E-CA4C-4AA2-8848-12FFABF72535}.Debug|Mixed Platforms.ActiveCfg = Debug|Any CPU
		{4380999E-CA4C-4AA2-8848-12FFABF72535}.Debug|Mixed Platforms.Build.0 = Debug|Any CPU
		{4380999E-CA4C-4AA2-8848-12FFABF72535}.Debug|Win32.ActiveCfg = Debug|Any CPU
		{4380999E-CA4C-4AA2-8848-12FFABF72535}.Debug|x86.ActiveCfg = Debug|x86
		{4380999E-CA4C-4AA2-8848-12FFABF72535}.Debug|x86.Build.0 = Debug|x86
		{4380999E-CA4C-4AA2-8848-12FFABF72535}.Release Unicode|Any CPU.ActiveCfg = Release|Any CPU
		{4380999E-CA4C-4AA2-8848-12FFABF72535}.Release Unicode|Any CPU.Build.0 = Release|Any CPU
		{4380999E-CA4C-4AA2-8848-12FFABF72535}.Release Unicode|Mixed Platforms.ActiveCfg = Release|Any CPU
		{4380999E-CA4C-4AA2-8848-12FFABF72535}.Release Unicode|Mixed Platforms.Build.0 = Release|Any CPU
		{4380999E-CA4C-4AA2-8848-12FFABF72535}.Release Unicode|Win32.ActiveCfg = Release|Any CPU
		{4380999E-CA4C-4AA2-8848-12FFABF72535}.Release Unicode|x86.ActiveCfg = Release|x86
		{4380999E-CA4C-4AA2-8848-12FFABF72535}.Release Unicode|x86.Build.0 = Release|x86
		{4380999E-CA4C-4AA2-8848-12FFABF72535}.Release|Any CPU.ActiveCfg = Release|Any CPU
		{4380999E-CA4C-4AA2-8848-12FFABF72535}.Release|Any CPU.Build.0 = Release|Any CPU
		{4380999E-CA4C-4AA2-8848-12FFABF72535}.Release|Mixed Platforms.ActiveCfg = Release|Any CPU
		{4380999E-CA4C-4AA2-8848-12FFABF72535}.Release|Mixed Platforms.Build.0 = Release|Any CPU
		{4380999E-CA4C-4AA2-8848-12FFABF72535}.Release|Win32.ActiveCfg = Release|Any CPU
		{4380999E-CA4C-4AA2-8848-12FFABF72535}.Release|x86.ActiveCfg = Release|x86
		{4380999E-CA4C-4AA2-8848-12FFABF72535}.Release|x86.Build.0 = Release|x86
		{F209ABA2-B4B3-4C9C-8540-8B06071994FC}.Debug Unicode|Any CPU.ActiveCfg = Debug|Any CPU
		{F209ABA2-B4B3-4C9C-8540-8B06071994FC}.Debug Unicode|Any CPU.Build.0 = Debug|Any CPU
		{F209ABA2-B4B3-4C9C-8540-8B06071994FC}.Debug Unicode|Mixed Platforms.ActiveCfg = Debug|Any CPU
		{F209ABA2-B4B3-4C9C-8540-8B06071994FC}.Debug Unicode|Mixed Platforms.Build.0 = Debug|Any CPU
		{F209ABA2-B4B3-4C9C-8540-8B06071994FC}.Debug Unicode|Win32.ActiveCfg = Debug|Any CPU
		{F209ABA2-B4B3-4C9C-8540-8B06071994FC}.Debug Unicode|x86.ActiveCfg = Debug|x86
		{F209ABA2-B4B3-4C9C-8540-8B06071994FC}.Debug Unicode|x86.Build.0 = Debug|x86
		{F209ABA2-B4B3-4C9C-8540-8B06071994FC}.Debug|Any CPU.ActiveCfg = Debug|Any CPU
		{F209ABA2-B4B3-4C9C-8540-8B06071994FC}.Debug|Any CPU.Build.0 = Debug|Any CPU
		{F209ABA2-B4B3-4C9C-8540-8B06071994FC}.Debug|Mixed Platforms.ActiveCfg = Debug|Any CPU
		{F209ABA2-B4B3-4C9C-8540-8B06071994FC}.Debug|Mixed Platforms.Build.0 = Debug|Any CPU
		{F209ABA2-B4B3-4C9C-8540-8B06071994FC}.Debug|Win32.ActiveCfg = Debug|Any CPU
		{F209ABA2-B4B3-4C9C-8540-8B06071994FC}.Debug|x86.ActiveCfg = Debug|x86
		{F209ABA2-B4B3-4C9C-8540-8B06071994FC}.Debug|x86.Build.0 = Debug|x86
		{F209ABA2-B4B3-4C9C-8540-8B06071994FC}.Release Unicode|Any CPU.ActiveCfg = Release|Any CPU
		{F209ABA2-B4B3-4C9C-8540-8B06071994FC}.Release Unicode|Any CPU.Build.0 = Release|Any CPU
		{F209ABA2-B4B3-4C9C-8540-8B06071994FC}.Release Unicode|Mixed Platforms.ActiveCfg = Release|Any CPU
		{F209ABA2-B4B3-4C9C-8540-8B06071994FC}.Release Unicode|Mixed Platforms.Build.0 = Release|Any CPU
		{F209ABA2-B4B3-4C9C-8540-8B06071994FC}.Release Unicode|Win32.ActiveCfg = Release|Any CPU
		{F209ABA2-B4B3-4C9C-8540-8B06071994FC}.Release Unicode|x86.ActiveCfg = Release|x86
		{F209ABA2-B4B3-4C9C-8540-8B06071994FC}.Release Unicode|x86.Build.0 = Release|x86
		{F209ABA2-B4B3-4C9C-8540-8B06071994FC}.Release|Any CPU.ActiveCfg = Release|Any CPU
		{F209ABA2-B4B3-4C9C-8540-8B06071994FC}.Release|Any CPU.Build.0 = Release|Any CPU
		{F209ABA2-B4B3-4C9C-8540-8B06071994FC}.Release|Mixed Platforms.ActiveCfg = Release|Any CPU
		{F209ABA2-B4B3-4C9C-8540-8B06071994FC}.Release|Mixed Platforms.Build.0 = Release|Any CPU
		{F209ABA2-B4B3-4C9C-8540-8B06071994FC}.Release|Win32.ActiveCfg = Release|Any CPU
		{F209ABA2-B4B3-4C9C-8540-8B06071994FC}.Release|x86.ActiveCfg = Release|x86
		{F209ABA2-B4B3-4C9C-8540-8B06071994FC}.Release|x86.Build.0 = Release|x86
		{21F3202B-B5D1-41B2-9808-9FB4E87D848A}.Debug Unicode|Any CPU.ActiveCfg = Debug|Any CPU
		{21F3202B-B5D1-41B2-9808-9FB4E87D848A}.Debug Unicode|Any CPU.Build.0 = Debug|Any CPU
		{21F3202B-B5D1-41B2-9808-9FB4E87D848A}.Debug Unicode|Mixed Platforms.ActiveCfg = Debug|Any CPU
		{21F3202B-B5D1-41B2-9808-9FB4E87D848A}.Debug Unicode|Mixed Platforms.Build.0 = Debug|Any CPU
		{21F3202B-B5D1-41B2-9808-9FB4E87D848A}.Debug Unicode|Win32.ActiveCfg = Debug|Any CPU
		{21F3202B-B5D1-41B2-9808-9FB4E87D848A}.Debug Unicode|x86.ActiveCfg = Debug|x86
		{21F3202B-B5D1-41B2-9808-9FB4E87D848A}.Debug Unicode|x86.Build.0 = Debug|x86
		{21F3202B-B5D1-41B2-9808-9FB4E87D848A}.Debug|Any CPU.ActiveCfg = Debug|Any CPU
		{21F3202B-B5D1-41B2-9808-9FB4E87D848A}.Debug|Any CPU.Build.0 = Debug|Any CPU
		{21F3202B-B5D1-41B2-9808-9FB4E87D848A}.Debug|Mixed Platforms.ActiveCfg = Debug|Any CPU
		{21F3202B-B5D1-41B2-9808-9FB4E87D848A}.Debug|Mixed Platforms.Build.0 = Debug|Any CPU
		{21F3202B-B5D1-41B2-9808-9FB4E87D848A}.Debug|Win32.ActiveCfg = Debug|Any CPU
		{21F3202B-B5D1-41B2-9808-9FB4E87D848A}.Debug|x86.ActiveCfg = Debug|x86
		{21F3202B-B5D1-41B2-9808-9FB4E87D848A}.Debug|x86.Build.0 = Debug|x86
		{21F3202B-B5D1-41B2-9808-9FB4E87D848A}.Release Unicode|Any CPU.ActiveCfg = Release|Any CPU
		{21F3202B-B5D1-41B2-9808-9FB4E87D848A}.Release Unicode|Any CPU.Build.0 = Release|Any CPU
		{21F3202B-B5D1-41B2-9808-9FB4E87D848A}.Release Unicode|Mixed Platforms.ActiveCfg = Release|Any CPU
		{21F3202B-B5D1-41B2-9808-9FB4E87D848A}.Release Unicode|Mixed Platforms.Build.0 = Release|Any CPU
		{21F3202B-B5D1-41B2-9808-9FB4E87D848A}.Release Unicode|Win32.ActiveCfg = Release|Any CPU
		{21F3202B-B5D1-41B2-9808-9FB4E87D848A}.Release Unicode|x86.ActiveCfg = Release|x86
		{21F3202B-B5D1-41B2-9808-9FB4E87D848A}.Release Unicode|x86.Build.0 = Release|x86
		{21F3202B-B5D1-41B2-9808-9FB4E87D848A}.Release|Any CPU.ActiveCfg = Release|Any CPU
		{21F3202B-B5D1-41B2-9808-9FB4E87D848A}.Release|Any CPU.Build.0 = Release|Any CPU
		{21F3202B-B5D1-41B2-9808-9FB4E87D848A}.Release|Mixed Platforms.ActiveCfg = Release|Any CPU
		{21F3202B-B5D1-41B2-9808-9FB4E87D848A}.Release|Mixed Platforms.Build.0 = Release|Any CPU
		{21F3202B-B5D1-41B2-9808-9FB4E87D848A}.Release|Win32.ActiveCfg = Release|Any CPU
		{21F3202B-B5D1-41B2-9808-9FB4E87D848A}.Release|x86.ActiveCfg = Release|x86
		{21F3202B-B5D1-41B2-9808-9FB4E87D848A}.Release|x86.Build.0 = Release|x86
		{21B1FB9B-EDD9-482E-B559-628FC0C9A5BD}.Debug Unicode|Any CPU.ActiveCfg = Debug|Any CPU
		{21B1FB9B-EDD9-482E-B559-628FC0C9A5BD}.Debug Unicode|Any CPU.Build.0 = Debug|Any CPU
		{21B1FB9B-EDD9-482E-B559-628FC0C9A5BD}.Debug Unicode|Mixed Platforms.ActiveCfg = Debug|Any CPU
		{21B1FB9B-EDD9-482E-B559-628FC0C9A5BD}.Debug Unicode|Mixed Platforms.Build.0 = Debug|Any CPU
		{21B1FB9B-EDD9-482E-B559-628FC0C9A5BD}.Debug Unicode|Win32.ActiveCfg = Debug|Any CPU
		{21B1FB9B-EDD9-482E-B559-628FC0C9A5BD}.Debug Unicode|x86.ActiveCfg = Debug|x86
		{21B1FB9B-EDD9-482E-B559-628FC0C9A5BD}.Debug Unicode|x86.Build.0 = Debug|x86
		{21B1FB9B-EDD9-482E-B559-628FC0C9A5BD}.Debug|Any CPU.ActiveCfg = Debug|Any CPU
		{21B1FB9B-EDD9-482E-B559-628FC0C9A5BD}.Debug|Any CPU.Build.0 = Debug|Any CPU
		{21B1FB9B-EDD9-482E-B559-628FC0C9A5BD}.Debug|Mixed Platforms.ActiveCfg = Debug|Any CPU
		{21B1FB9B-EDD9-482E-B559-628FC0C9A5BD}.Debug|Mixed Platforms.Build.0 = Debug|Any CPU
		{21B1FB9B-EDD9-482E-B559-628FC0C9A5BD}.Debug|Win32.ActiveCfg = Debug|Any CPU
		{21B1FB9B-EDD9-482E-B559-628FC0C9A5BD}.Debug|x86.ActiveCfg = Debug|x86
		{21B1FB9B-EDD9-482E-B559-628FC0C9A5BD}.Debug|x86.Build.0 = Debug|x86
		{21B1FB9B-EDD9-482E-B559-628FC0C9A5BD}.Release Unicode|Any CPU.ActiveCfg = Release|Any CPU
		{21B1FB9B-EDD9-482E-B559-628FC0C9A5BD}.Release Unicode|Any CPU.Build.0 = Release|Any CPU
		{21B1FB9B-EDD9-482E-B559-628FC0C9A5BD}.Release Unicode|Mixed Platforms.ActiveCfg = Release|Any CPU
		{21B1FB9B-EDD9-482E-B559-628FC0C9A5BD}.Release Unicode|Mixed Platforms.Build.0 = Release|Any CPU
		{21B1FB9B-EDD9-482E-B559-628FC0C9A5BD}.Release Unicode|Win32.ActiveCfg = Release|Any CPU
		{21B1FB9B-EDD9-482E-B559-628FC0C9A5BD}.Release Unicode|x86.ActiveCfg = Release|x86
		{21B1FB9B-EDD9-482E-B559-628FC0C9A5BD}.Release Unicode|x86.Build.0 = Release|x86
		{21B1FB9B-EDD9-482E-B559-628FC0C9A5BD}.Release|Any CPU.ActiveCfg = Release|Any CPU
		{21B1FB9B-EDD9-482E-B559-628FC0C9A5BD}.Release|Any CPU.Build.0 = Release|Any CPU
		{21B1FB9B-EDD9-482E-B559-628FC0C9A5BD}.Release|Mixed Platforms.ActiveCfg = Release|Any CPU
		{21B1FB9B-EDD9-482E-B559-628FC0C9A5BD}.Release|Mixed Platforms.Build.0 = Release|Any CPU
		{21B1FB9B-EDD9-482E-B559-628FC0C9A5BD}.Release|Win32.ActiveCfg = Release|Any CPU
		{21B1FB9B-EDD9-482E-B559-628FC0C9A5BD}.Release|x86.ActiveCfg = Release|x86
		{21B1FB9B-EDD9-482E-B559-628FC0C9A5BD}.Release|x86.Build.0 = Release|x86
		{1DFD6EFB-270C-4ABE-BA76-AE56815C9F00}.Debug Unicode|Any CPU.ActiveCfg = Debug|Any CPU
		{1DFD6EFB-270C-4ABE-BA76-AE56815C9F00}.Debug Unicode|Any CPU.Build.0 = Debug|Any CPU
		{1DFD6EFB-270C-4ABE-BA76-AE56815C9F00}.Debug Unicode|Mixed Platforms.ActiveCfg = Debug|Any CPU
		{1DFD6EFB-270C-4ABE-BA76-AE56815C9F00}.Debug Unicode|Mixed Platforms.Build.0 = Debug|Any CPU
		{1DFD6EFB-270C-4ABE-BA76-AE56815C9F00}.Debug Unicode|Win32.ActiveCfg = Debug|Any CPU
		{1DFD6EFB-270C-4ABE-BA76-AE56815C9F00}.Debug Unicode|x86.ActiveCfg = Debug|x86
		{1DFD6EFB-270C-4ABE-BA76-AE56815C9F00}.Debug Unicode|x86.Build.0 = Debug|x86
		{1DFD6EFB-270C-4ABE-BA76-AE56815C9F00}.Debug|Any CPU.ActiveCfg = Debug|Any CPU
		{1DFD6EFB-270C-4ABE-BA76-AE56815C9F00}.Debug|Any CPU.Build.0 = Debug|Any CPU
		{1DFD6EFB-270C-4ABE-BA76-AE56815C9F00}.Debug|Mixed Platforms.ActiveCfg = Debug|Any CPU
		{1DFD6EFB-270C-4ABE-BA76-AE56815C9F00}.Debug|Mixed Platforms.Build.0 = Debug|Any CPU
		{1DFD6EFB-270C-4ABE-BA76-AE56815C9F00}.Debug|Win32.ActiveCfg = Debug|Any CPU
		{1DFD6EFB-270C-4ABE-BA76-AE56815C9F00}.Debug|x86.ActiveCfg = Debug|x86
		{1DFD6EFB-270C-4ABE-BA76-AE56815C9F00}.Debug|x86.Build.0 = Debug|x86
		{1DFD6EFB-270C-4ABE-BA76-AE56815C9F00}.Release Unicode|Any CPU.ActiveCfg = Release|Any CPU
		{1DFD6EFB-270C-4ABE-BA76-AE56815C9F00}.Release Unicode|Any CPU.Build.0 = Release|Any CPU
		{1DFD6EFB-270C-4ABE-BA76-AE56815C9F00}.Release Unicode|Mixed Platforms.ActiveCfg = Release|Any CPU
		{1DFD6EFB-270C-4ABE-BA76-AE56815C9F00}.Release Unicode|Mixed Platforms.Build.0 = Release|Any CPU
		{1DFD6EFB-270C-4ABE-BA76-AE56815C9F00}.Release Unicode|Win32.ActiveCfg = Release|Any CPU
		{1DFD6EFB-270C-4ABE-BA76-AE56815C9F00}.Release Unicode|x86.ActiveCfg = Release|x86
		{1DFD6EFB-270C-4ABE-BA76-AE56815C9F00}.Release Unicode|x86.Build.0 = Release|x86
		{1DFD6EFB-270C-4ABE-BA76-AE56815C9F00}.Release|Any CPU.ActiveCfg = Release|Any CPU
		{1DFD6EFB-270C-4ABE-BA76-AE56815C9F00}.Release|Any CPU.Build.0 = Release|Any CPU
		{1DFD6EFB-270C-4ABE-BA76-AE56815C9F00}.Release|Mixed Platforms.ActiveCfg = Release|Any CPU
		{1DFD6EFB-270C-4ABE-BA76-AE56815C9F00}.Release|Mixed Platforms.Build.0 = Release|Any CPU
		{1DFD6EFB-270C-4ABE-BA76-AE56815C9F00}.Release|Win32.ActiveCfg = Release|Any CPU
		{1DFD6EFB-270C-4ABE-BA76-AE56815C9F00}.Release|x86.ActiveCfg = Release|x86
		{1DFD6EFB-270C-4ABE-BA76-AE56815C9F00}.Release|x86.Build.0 = Release|x86
		{C874FCFE-6EBB-4C73-99AF-6FF19AB735A3}.Debug Unicode|Any CPU.ActiveCfg = Debug|Any CPU
		{C874FCFE-6EBB-4C73-99AF-6FF19AB735A3}.Debug Unicode|Any CPU.Build.0 = Debug|Any CPU
		{C874FCFE-6EBB-4C73-99AF-6FF19AB735A3}.Debug Unicode|Mixed Platforms.ActiveCfg = Debug|Any CPU
		{C874FCFE-6EBB-4C73-99AF-6FF19AB735A3}.Debug Unicode|Mixed Platforms.Build.0 = Debug|Any CPU
		{C874FCFE-6EBB-4C73-99AF-6FF19AB735A3}.Debug Unicode|Win32.ActiveCfg = Debug|Any CPU
		{C874FCFE-6EBB-4C73-99AF-6FF19AB735A3}.Debug Unicode|x86.ActiveCfg = Debug|x86
		{C874FCFE-6EBB-4C73-99AF-6FF19AB735A3}.Debug Unicode|x86.Build.0 = Debug|x86
		{C874FCFE-6EBB-4C73-99AF-6FF19AB735A3}.Debug|Any CPU.ActiveCfg = Debug|Any CPU
		{C874FCFE-6EBB-4C73-99AF-6FF19AB735A3}.Debug|Any CPU.Build.0 = Debug|Any CPU
		{C874FCFE-6EBB-4C73-99AF-6FF19AB735A3}.Debug|Mixed Platforms.ActiveCfg = Debug|Any CPU
		{C874FCFE-6EBB-4C73-99AF-6FF19AB735A3}.Debug|Mixed Platforms.Build.0 = Debug|Any CPU
		{C874FCFE-6EBB-4C73-99AF-6FF19AB735A3}.Debug|Win32.ActiveCfg = Debug|Any CPU
		{C874FCFE-6EBB-4C73-99AF-6FF19AB735A3}.Debug|x86.ActiveCfg = Debug|x86
		{C874FCFE-6EBB-4C73-99AF-6FF19AB735A3}.Debug|x86.Build.0 = Debug|x86
		{C874FCFE-6EBB-4C73-99AF-6FF19AB735A3}.Release Unicode|Any CPU.ActiveCfg = Release|Any CPU
		{C874FCFE-6EBB-4C73-99AF-6FF19AB735A3}.Release Unicode|Any CPU.Build.0 = Release|Any CPU
		{C874FCFE-6EBB-4C73-99AF-6FF19AB735A3}.Release Unicode|Mixed Platforms.ActiveCfg = Release|Any CPU
		{C874FCFE-6EBB-4C73-99AF-6FF19AB735A3}.Release Unicode|Mixed Platforms.Build.0 = Release|Any CPU
		{C874FCFE-6EBB-4C73-99AF-6FF19AB735A3}.Release Unicode|Win32.ActiveCfg = Release|Any CPU
		{C874FCFE-6EBB-4C73-99AF-6FF19AB735A3}.Release Unicode|x86.ActiveCfg = Release|x86
		{C874FCFE-6EBB-4C73-99AF-6FF19AB735A3}.Release Unicode|x86.Build.0 = Release|x86
		{C874FCFE-6EBB-4C73-99AF-6FF19AB735A3}.Release|Any CPU.ActiveCfg = Release|Any CPU
		{C874FCFE-6EBB-4C73-99AF-6FF19AB735A3}.Release|Any CPU.Build.0 = Release|Any CPU
		{C874FCFE-6EBB-4C73-99AF-6FF19AB735A3}.Release|Mixed Platforms.ActiveCfg = Release|Any CPU
		{C874FCFE-6EBB-4C73-99AF-6FF19AB735A3}.Release|Mixed Platforms.Build.0 = Release|Any CPU
		{C874FCFE-6EBB-4C73-99AF-6FF19AB735A3}.Release|Win32.ActiveCfg = Release|Any CPU
		{C874FCFE-6EBB-4C73-99AF-6FF19AB735A3}.Release|x86.ActiveCfg = Release|x86
		{C874FCFE-6EBB-4C73-99AF-6FF19AB735A3}.Release|x86.Build.0 = Release|x86
		{D01D6622-F67B-4EDC-8CA3-4E1A8FCA422B}.Debug Unicode|Any CPU.ActiveCfg = Debug|Any CPU
		{D01D6622-F67B-4EDC-8CA3-4E1A8FCA422B}.Debug Unicode|Any CPU.Build.0 = Debug|Any CPU
		{D01D6622-F67B-4EDC-8CA3-4E1A8FCA422B}.Debug Unicode|Mixed Platforms.ActiveCfg = Debug|Any CPU
		{D01D6622-F67B-4EDC-8CA3-4E1A8FCA422B}.Debug Unicode|Mixed Platforms.Build.0 = Debug|Any CPU
		{D01D6622-F67B-4EDC-8CA3-4E1A8FCA422B}.Debug Unicode|Win32.ActiveCfg = Debug|Any CPU
		{D01D6622-F67B-4EDC-8CA3-4E1A8FCA422B}.Debug Unicode|x86.ActiveCfg = Debug|x86
		{D01D6622-F67B-4EDC-8CA3-4E1A8FCA422B}.Debug Unicode|x86.Build.0 = Debug|x86
		{D01D6622-F67B-4EDC-8CA3-4E1A8FCA422B}.Debug|Any CPU.ActiveCfg = Debug|Any CPU
		{D01D6622-F67B-4EDC-8CA3-4E1A8FCA422B}.Debug|Any CPU.Build.0 = Debug|Any CPU
		{D01D6622-F67B-4EDC-8CA3-4E1A8FCA422B}.Debug|Mixed Platforms.ActiveCfg = Debug|Any CPU
		{D01D6622-F67B-4EDC-8CA3-4E1A8FCA422B}.Debug|Mixed Platforms.Build.0 = Debug|Any CPU
		{D01D6622-F67B-4EDC-8CA3-4E1A8FCA422B}.Debug|Win32.ActiveCfg = Debug|Any CPU
		{D01D6622-F67B-4EDC-8CA3-4E1A8FCA422B}.Debug|x86.ActiveCfg = Debug|x86
		{D01D6622-F67B-4EDC-8CA3-4E1A8FCA422B}.Debug|x86.Build.0 = Debug|x86
		{D01D6622-F67B-4EDC-8CA3-4E1A8FCA422B}.Release Unicode|Any CPU.ActiveCfg = Release|Any CPU
		{D01D6622-F67B-4EDC-8CA3-4E1A8FCA422B}.Release Unicode|Any CPU.Build.0 = Release|Any CPU
		{D01D6622-F67B-4EDC-8CA3-4E1A8FCA422B}.Release Unicode|Mixed Platforms.ActiveCfg = Release|Any CPU
		{D01D6622-F67B-4EDC-8CA3-4E1A8FCA422B}.Release Unicode|Mixed Platforms.Build.0 = Release|Any CPU
		{D01D6622-F67B-4EDC-8CA3-4E1A8FCA422B}.Release Unicode|Win32.ActiveCfg = Release|Any CPU
		{D01D6622-F67B-4EDC-8CA3-4E1A8FCA422B}.Release Unicode|x86.ActiveCfg = Release|x86
		{D01D6622-F67B-4EDC-8CA3-4E1A8FCA422B}.Release Unicode|x86.Build.0 = Release|x86
		{D01D6622-F67B-4EDC-8CA3-4E1A8FCA422B}.Release|Any CPU.ActiveCfg = Release|Any CPU
		{D01D6622-F67B-4EDC-8CA3-4E1A8FCA422B}.Release|Any CPU.Build.0 = Release|Any CPU
		{D01D6622-F67B-4EDC-8CA3-4E1A8FCA422B}.Release|Mixed Platforms.ActiveCfg = Release|Any CPU
		{D01D6622-F67B-4EDC-8CA3-4E1A8FCA422B}.Release|Mixed Platforms.Build.0 = Release|Any CPU
		{D01D6622-F67B-4EDC-8CA3-4E1A8FCA422B}.Release|Win32.ActiveCfg = Release|Any CPU
		{D01D6622-F67B-4EDC-8CA3-4E1A8FCA422B}.Release|x86.ActiveCfg = Release|x86
		{D01D6622-F67B-4EDC-8CA3-4E1A8FCA422B}.Release|x86.Build.0 = Release|x86
		{1A7A0168-D783-4F4A-9B39-FBCCB08078AE}.Debug Unicode|Any CPU.ActiveCfg = Debug|Any CPU
		{1A7A0168-D783-4F4A-9B39-FBCCB08078AE}.Debug Unicode|Any CPU.Build.0 = Debug|Any CPU
		{1A7A0168-D783-4F4A-9B39-FBCCB08078AE}.Debug Unicode|Mixed Platforms.ActiveCfg = Debug|Any CPU
		{1A7A0168-D783-4F4A-9B39-FBCCB08078AE}.Debug Unicode|Mixed Platforms.Build.0 = Debug|Any CPU
		{1A7A0168-D783-4F4A-9B39-FBCCB08078AE}.Debug Unicode|Win32.ActiveCfg = Debug|Any CPU
		{1A7A0168-D783-4F4A-9B39-FBCCB08078AE}.Debug Unicode|x86.ActiveCfg = Debug|x86
		{1A7A0168-D783-4F4A-9B39-FBCCB08078AE}.Debug Unicode|x86.Build.0 = Debug|x86
		{1A7A0168-D783-4F4A-9B39-FBCCB08078AE}.Debug|Any CPU.ActiveCfg = Debug|Any CPU
		{1A7A0168-D783-4F4A-9B39-FBCCB08078AE}.Debug|Any CPU.Build.0 = Debug|Any CPU
		{1A7A0168-D783-4F4A-9B39-FBCCB08078AE}.Debug|Mixed Platforms.ActiveCfg = Debug|Any CPU
		{1A7A0168-D783-4F4A-9B39-FBCCB08078AE}.Debug|Mixed Platforms.Build.0 = Debug|Any CPU
		{1A7A0168-D783-4F4A-9B39-FBCCB08078AE}.Debug|Win32.ActiveCfg = Debug|Any CPU
		{1A7A0168-D783-4F4A-9B39-FBCCB08078AE}.Debug|x86.ActiveCfg = Debug|x86
		{1A7A0168-D783-4F4A-9B39-FBCCB08078AE}.Debug|x86.Build.0 = Debug|x86
		{1A7A0168-D783-4F4A-9B39-FBCCB08078AE}.Release Unicode|Any CPU.ActiveCfg = Release|Any CPU
		{1A7A0168-D783-4F4A-9B39-FBCCB08078AE}.Release Unicode|Any CPU.Build.0 = Release|Any CPU
		{1A7A0168-D783-4F4A-9B39-FBCCB08078AE}.Release Unicode|Mixed Platforms.ActiveCfg = Release|Any CPU
		{1A7A0168-D783-4F4A-9B39-FBCCB08078AE}.Release Unicode|Mixed Platforms.Build.0 = Release|Any CPU
		{1A7A0168-D783-4F4A-9B39-FBCCB08078AE}.Release Unicode|Win32.ActiveCfg = Release|Any CPU
		{1A7A0168-D783-4F4A-9B39-FBCCB08078AE}.Release Unicode|x86.ActiveCfg = Release|x86
		{1A7A0168-D783-4F4A-9B39-FBCCB08078AE}.Release Unicode|x86.Build.0 = Release|x86
		{1A7A0168-D783-4F4A-9B39-FBCCB08078AE}.Release|Any CPU.ActiveCfg = Release|Any CPU
		{1A7A0168-D783-4F4A-9B39-FBCCB08078AE}.Release|Any CPU.Build.0 = Release|Any CPU
		{1A7A0168-D783-4F4A-9B39-FBCCB08078AE}.Release|Mixed Platforms.ActiveCfg = Release|Any CPU
		{1A7A0168-D783-4F4A-9B39-FBCCB08078AE}.Release|Mixed Platforms.Build.0 = Release|Any CPU
		{1A7A0168-D783-4F4A-9B39-FBCCB08078AE}.Release|Win32.ActiveCfg = Release|Any CPU
		{1A7A0168-D783-4F4A-9B39-FBCCB08078AE}.Release|x86.ActiveCfg = Release|x86
		{1A7A0168-D783-4F4A-9B39-FBCCB08078AE}.Release|x86.Build.0 = Release|x86
		{AD3CD7FE-3E36-40D3-AA25-F635D73B3C7C}.Debug Unicode|Any CPU.ActiveCfg = Debug|Any CPU
		{AD3CD7FE-3E36-40D3-AA25-F635D73B3C7C}.Debug Unicode|Any CPU.Build.0 = Debug|Any CPU
		{AD3CD7FE-3E36-40D3-AA25-F635D73B3C7C}.Debug Unicode|Mixed Platforms.ActiveCfg = Debug|Any CPU
		{AD3CD7FE-3E36-40D3-AA25-F635D73B3C7C}.Debug Unicode|Mixed Platforms.Build.0 = Debug|Any CPU
		{AD3CD7FE-3E36-40D3-AA25-F635D73B3C7C}.Debug Unicode|Win32.ActiveCfg = Debug|Any CPU
		{AD3CD7FE-3E36-40D3-AA25-F635D73B3C7C}.Debug Unicode|x86.ActiveCfg = Debug|x86
		{AD3CD7FE-3E36-40D3-AA25-F635D73B3C7C}.Debug Unicode|x86.Build.0 = Debug|x86
		{AD3CD7FE-3E36-40D3-AA25-F635D73B3C7C}.Debug|Any CPU.ActiveCfg = Debug|Any CPU
		{AD3CD7FE-3E36-40D3-AA25-F635D73B3C7C}.Debug|Any CPU.Build.0 = Debug|Any CPU
		{AD3CD7FE-3E36-40D3-AA25-F635D73B3C7C}.Debug|Mixed Platforms.ActiveCfg = Debug|Any CPU
		{AD3CD7FE-3E36-40D3-AA25-F635D73B3C7C}.Debug|Mixed Platforms.Build.0 = Debug|Any CPU
		{AD3CD7FE-3E36-40D3-AA25-F635D73B3C7C}.Debug|Win32.ActiveCfg = Debug|Any CPU
		{AD3CD7FE-3E36-40D3-AA25-F635D73B3C7C}.Debug|x86.ActiveCfg = Debug|x86
		{AD3CD7FE-3E36-40D3-AA25-F635D73B3C7C}.Debug|x86.Build.0 = Debug|x86
		{AD3CD7FE-3E36-40D3-AA25-F635D73B3C7C}.Release Unicode|Any CPU.ActiveCfg = Release|Any CPU
		{AD3CD7FE-3E36-40D3-AA25-F635D73B3C7C}.Release Unicode|Any CPU.Build.0 = Release|Any CPU
		{AD3CD7FE-3E36-40D3-AA25-F635D73B3C7C}.Release Unicode|Mixed Platforms.ActiveCfg = Release|Any CPU
		{AD3CD7FE-3E36-40D3-AA25-F635D73B3C7C}.Release Unicode|Mixed Platforms.Build.0 = Release|Any CPU
		{AD3CD7FE-3E36-40D3-AA25-F635D73B3C7C}.Release Unicode|Win32.ActiveCfg = Release|Any CPU
		{AD3CD7FE-3E36-40D3-AA25-F635D73B3C7C}.Release Unicode|x86.ActiveCfg = Release|x86
		{AD3CD7FE-3E36-40D3-AA25-F635D73B3C7C}.Release Unicode|x86.Build.0 = Release|x86
		{AD3CD7FE-3E36-40D3-AA25-F635D73B3C7C}.Release|Any CPU.ActiveCfg = Release|Any CPU
		{AD3CD7FE-3E36-40D3-AA25-F635D73B3C7C}.Release|Any CPU.Build.0 = Release|Any CPU
		{AD3CD7FE-3E36-40D3-AA25-F635D73B3C7C}.Release|Mixed Platforms.ActiveCfg = Release|Any CPU
		{AD3CD7FE-3E36-40D3-AA25-F635D73B3C7C}.Release|Mixed Platforms.Build.0 = Release|Any CPU
		{AD3CD7FE-3E36-40D3-AA25-F635D73B3C7C}.Release|Win32.ActiveCfg = Release|Any CPU
		{AD3CD7FE-3E36-40D3-AA25-F635D73B3C7C}.Release|x86.ActiveCfg = Release|x86
		{AD3CD7FE-3E36-40D3-AA25-F635D73B3C7C}.Release|x86.Build.0 = Release|x86
		{4C35BAD5-CAEE-498F-9BA7-8771FBEA4979}.Debug Unicode|Any CPU.ActiveCfg = Debug|Any CPU
		{4C35BAD5-CAEE-498F-9BA7-8771FBEA4979}.Debug Unicode|Any CPU.Build.0 = Debug|Any CPU
		{4C35BAD5-CAEE-498F-9BA7-8771FBEA4979}.Debug Unicode|Mixed Platforms.ActiveCfg = Debug|Any CPU
		{4C35BAD5-CAEE-498F-9BA7-8771FBEA4979}.Debug Unicode|Mixed Platforms.Build.0 = Debug|Any CPU
		{4C35BAD5-CAEE-498F-9BA7-8771FBEA4979}.Debug Unicode|Win32.ActiveCfg = Debug|Any CPU
		{4C35BAD5-CAEE-498F-9BA7-8771FBEA4979}.Debug Unicode|x86.ActiveCfg = Debug|x86
		{4C35BAD5-CAEE-498F-9BA7-8771FBEA4979}.Debug Unicode|x86.Build.0 = Debug|x86
		{4C35BAD5-CAEE-498F-9BA7-8771FBEA4979}.Debug|Any CPU.ActiveCfg = Debug|Any CPU
		{4C35BAD5-CAEE-498F-9BA7-8771FBEA4979}.Debug|Any CPU.Build.0 = Debug|Any CPU
		{4C35BAD5-CAEE-498F-9BA7-8771FBEA4979}.Debug|Mixed Platforms.ActiveCfg = Debug|Any CPU
		{4C35BAD5-CAEE-498F-9BA7-8771FBEA4979}.Debug|Mixed Platforms.Build.0 = Debug|Any CPU
		{4C35BAD5-CAEE-498F-9BA7-8771FBEA4979}.Debug|Win32.ActiveCfg = Debug|Any CPU
		{4C35BAD5-CAEE-498F-9BA7-8771FBEA4979}.Debug|x86.ActiveCfg = Debug|x86
		{4C35BAD5-CAEE-498F-9BA7-8771FBEA4979}.Debug|x86.Build.0 = Debug|x86
		{4C35BAD5-CAEE-498F-9BA7-8771FBEA4979}.Release Unicode|Any CPU.ActiveCfg = Release|Any CPU
		{4C35BAD5-CAEE-498F-9BA7-8771FBEA4979}.Release Unicode|Any CPU.Build.0 = Release|Any CPU
		{4C35BAD5-CAEE-498F-9BA7-8771FBEA4979}.Release Unicode|Mixed Platforms.ActiveCfg = Release|Any CPU
		{4C35BAD5-CAEE-498F-9BA7-8771FBEA4979}.Release Unicode|Mixed Platforms.Build.0 = Release|Any CPU
		{4C35BAD5-CAEE-498F-9BA7-8771FBEA4979}.Release Unicode|Win32.ActiveCfg = Release|Any CPU
		{4C35BAD5-CAEE-498F-9BA7-8771FBEA4979}.Release Unicode|x86.ActiveCfg = Release|x86
		{4C35BAD5-CAEE-498F-9BA7-8771FBEA4979}.Release Unicode|x86.Build.0 = Release|x86
		{4C35BAD5-CAEE-498F-9BA7-8771FBEA4979}.Release|Any CPU.ActiveCfg = Release|Any CPU
		{4C35BAD5-CAEE-498F-9BA7-8771FBEA4979}.Release|Any CPU.Build.0 = Release|Any CPU
		{4C35BAD5-CAEE-498F-9BA7-8771FBEA4979}.Release|Mixed Platforms.ActiveCfg = Release|Any CPU
		{4C35BAD5-CAEE-498F-9BA7-8771FBEA4979}.Release|Mixed Platforms.Build.0 = Release|Any CPU
		{4C35BAD5-CAEE-498F-9BA7-8771FBEA4979}.Release|Win32.ActiveCfg = Release|Any CPU
		{4C35BAD5-CAEE-498F-9BA7-8771FBEA4979}.Release|x86.ActiveCfg = Release|x86
		{4C35BAD5-CAEE-498F-9BA7-8771FBEA4979}.Release|x86.Build.0 = Release|x86
		{9213F69B-447F-4B92-A046-BE7506871F47}.Debug Unicode|Any CPU.ActiveCfg = Debug|Any CPU
		{9213F69B-447F-4B92-A046-BE7506871F47}.Debug Unicode|Any CPU.Build.0 = Debug|Any CPU
		{9213F69B-447F-4B92-A046-BE7506871F47}.Debug Unicode|Mixed Platforms.ActiveCfg = Debug|Any CPU
		{9213F69B-447F-4B92-A046-BE7506871F47}.Debug Unicode|Mixed Platforms.Build.0 = Debug|Any CPU
		{9213F69B-447F-4B92-A046-BE7506871F47}.Debug Unicode|Win32.ActiveCfg = Debug|Any CPU
		{9213F69B-447F-4B92-A046-BE7506871F47}.Debug Unicode|x86.ActiveCfg = Debug|x86
		{9213F69B-447F-4B92-A046-BE7506871F47}.Debug Unicode|x86.Build.0 = Debug|x86
		{9213F69B-447F-4B92-A046-BE7506871F47}.Debug|Any CPU.ActiveCfg = Debug|Any CPU
		{9213F69B-447F-4B92-A046-BE7506871F47}.Debug|Any CPU.Build.0 = Debug|Any CPU
		{9213F69B-447F-4B92-A046-BE7506871F47}.Debug|Mixed Platforms.ActiveCfg = Debug|Any CPU
		{9213F69B-447F-4B92-A046-BE7506871F47}.Debug|Mixed Platforms.Build.0 = Debug|Any CPU
		{9213F69B-447F-4B92-A046-BE7506871F47}.Debug|Win32.ActiveCfg = Debug|Any CPU
		{9213F69B-447F-4B92-A046-BE7506871F47}.Debug|x86.ActiveCfg = Debug|x86
		{9213F69B-447F-4B92-A046-BE7506871F47}.Debug|x86.Build.0 = Debug|x86
		{9213F69B-447F-4B92-A046-BE7506871F47}.Release Unicode|Any CPU.ActiveCfg = Release|Any CPU
		{9213F69B-447F-4B92-A046-BE7506871F47}.Release Unicode|Any CPU.Build.0 = Release|Any CPU
		{9213F69B-447F-4B92-A046-BE7506871F47}.Release Unicode|Mixed Platforms.ActiveCfg = Release|Any CPU
		{9213F69B-447F-4B92-A046-BE7506871F47}.Release Unicode|Mixed Platforms.Build.0 = Release|Any CPU
		{9213F69B-447F-4B92-A046-BE7506871F47}.Release Unicode|Win32.ActiveCfg = Release|Any CPU
		{9213F69B-447F-4B92-A046-BE7506871F47}.Release Unicode|x86.ActiveCfg = Release|x86
		{9213F69B-447F-4B92-A046-BE7506871F47}.Release Unicode|x86.Build.0 = Release|x86
		{9213F69B-447F-4B92-A046-BE7506871F47}.Release|Any CPU.ActiveCfg = Release|Any CPU
		{9213F69B-447F-4B92-A046-BE7506871F47}.Release|Any CPU.Build.0 = Release|Any CPU
		{9213F69B-447F-4B92-A046-BE7506871F47}.Release|Mixed Platforms.ActiveCfg = Release|Any CPU
		{9213F69B-447F-4B92-A046-BE7506871F47}.Release|Mixed Platforms.Build.0 = Release|Any CPU
		{9213F69B-447F-4B92-A046-BE7506871F47}.Release|Win32.ActiveCfg = Release|Any CPU
		{9213F69B-447F-4B92-A046-BE7506871F47}.Release|x86.ActiveCfg = Release|x86
		{9213F69B-447F-4B92-A046-BE7506871F47}.Release|x86.Build.0 = Release|x86
		{7264D32E-75DB-4C13-9EE4-E6263FD5B652}.Debug Unicode|Any CPU.ActiveCfg = Debug|Any CPU
		{7264D32E-75DB-4C13-9EE4-E6263FD5B652}.Debug Unicode|Any CPU.Build.0 = Debug|Any CPU
		{7264D32E-75DB-4C13-9EE4-E6263FD5B652}.Debug Unicode|Mixed Platforms.ActiveCfg = Debug|Any CPU
		{7264D32E-75DB-4C13-9EE4-E6263FD5B652}.Debug Unicode|Mixed Platforms.Build.0 = Debug|Any CPU
		{7264D32E-75DB-4C13-9EE4-E6263FD5B652}.Debug Unicode|Win32.ActiveCfg = Debug|Any CPU
		{7264D32E-75DB-4C13-9EE4-E6263FD5B652}.Debug Unicode|x86.ActiveCfg = Debug|x86
		{7264D32E-75DB-4C13-9EE4-E6263FD5B652}.Debug Unicode|x86.Build.0 = Debug|x86
		{7264D32E-75DB-4C13-9EE4-E6263FD5B652}.Debug|Any CPU.ActiveCfg = Debug|Any CPU
		{7264D32E-75DB-4C13-9EE4-E6263FD5B652}.Debug|Any CPU.Build.0 = Debug|Any CPU
		{7264D32E-75DB-4C13-9EE4-E6263FD5B652}.Debug|Mixed Platforms.ActiveCfg = Debug|Any CPU
		{7264D32E-75DB-4C13-9EE4-E6263FD5B652}.Debug|Mixed Platforms.Build.0 = Debug|Any CPU
		{7264D32E-75DB-4C13-9EE4-E6263FD5B652}.Debug|Win32.ActiveCfg = Debug|Any CPU
		{7264D32E-75DB-4C13-9EE4-E6263FD5B652}.Debug|x86.ActiveCfg = Debug|x86
		{7264D32E-75DB-4C13-9EE4-E6263FD5B652}.Debug|x86.Build.0 = Debug|x86
		{7264D32E-75DB-4C13-9EE4-E6263FD5B652}.Release Unicode|Any CPU.ActiveCfg = Release|Any CPU
		{7264D32E-75DB-4C13-9EE4-E6263FD5B652}.Release Unicode|Any CPU.Build.0 = Release|Any CPU
		{7264D32E-75DB-4C13-9EE4-E6263FD5B652}.Release Unicode|Mixed Platforms.ActiveCfg = Release|Any CPU
		{7264D32E-75DB-4C13-9EE4-E6263FD5B652}.Release Unicode|Mixed Platforms.Build.0 = Release|Any CPU
		{7264D32E-75DB-4C13-9EE4-E6263FD5B652}.Release Unicode|Win32.ActiveCfg = Release|Any CPU
		{7264D32E-75DB-4C13-9EE4-E6263FD5B652}.Release Unicode|x86.ActiveCfg = Release|x86
		{7264D32E-75DB-4C13-9EE4-E6263FD5B652}.Release Unicode|x86.Build.0 = Release|x86
		{7264D32E-75DB-4C13-9EE4-E6263FD5B652}.Release|Any CPU.ActiveCfg = Release|Any CPU
		{7264D32E-75DB-4C13-9EE4-E6263FD5B652}.Release|Any CPU.Build.0 = Release|Any CPU
		{7264D32E-75DB-4C13-9EE4-E6263FD5B652}.Release|Mixed Platforms.ActiveCfg = Release|Any CPU
		{7264D32E-75DB-4C13-9EE4-E6263FD5B652}.Release|Mixed Platforms.Build.0 = Release|Any CPU
		{7264D32E-75DB-4C13-9EE4-E6263FD5B652}.Release|Win32.ActiveCfg = Release|Any CPU
		{7264D32E-75DB-4C13-9EE4-E6263FD5B652}.Release|x86.ActiveCfg = Release|x86
		{7264D32E-75DB-4C13-9EE4-E6263FD5B652}.Release|x86.Build.0 = Release|x86
		{C99B71F5-3EAF-4736-BB8F-926B0F232F9B}.Debug Unicode|Any CPU.ActiveCfg = Debug|Any CPU
		{C99B71F5-3EAF-4736-BB8F-926B0F232F9B}.Debug Unicode|Any CPU.Build.0 = Debug|Any CPU
		{C99B71F5-3EAF-4736-BB8F-926B0F232F9B}.Debug Unicode|Mixed Platforms.ActiveCfg = Debug|Any CPU
		{C99B71F5-3EAF-4736-BB8F-926B0F232F9B}.Debug Unicode|Mixed Platforms.Build.0 = Debug|Any CPU
		{C99B71F5-3EAF-4736-BB8F-926B0F232F9B}.Debug Unicode|Win32.ActiveCfg = Debug|Any CPU
		{C99B71F5-3EAF-4736-BB8F-926B0F232F9B}.Debug Unicode|x86.ActiveCfg = Debug|x86
		{C99B71F5-3EAF-4736-BB8F-926B0F232F9B}.Debug Unicode|x86.Build.0 = Debug|x86
		{C99B71F5-3EAF-4736-BB8F-926B0F232F9B}.Debug|Any CPU.ActiveCfg = Debug|Any CPU
		{C99B71F5-3EAF-4736-BB8F-926B0F232F9B}.Debug|Any CPU.Build.0 = Debug|Any CPU
		{C99B71F5-3EAF-4736-BB8F-926B0F232F9B}.Debug|Mixed Platforms.ActiveCfg = Debug|Any CPU
		{C99B71F5-3EAF-4736-BB8F-926B0F232F9B}.Debug|Mixed Platforms.Build.0 = Debug|Any CPU
		{C99B71F5-3EAF-4736-BB8F-926B0F232F9B}.Debug|Win32.ActiveCfg = Debug|Any CPU
		{C99B71F5-3EAF-4736-BB8F-926B0F232F9B}.Debug|x86.ActiveCfg = Debug|x86
		{C99B71F5-3EAF-4736-BB8F-926B0F232F9B}.Debug|x86.Build.0 = Debug|x86
		{C99B71F5-3EAF-4736-BB8F-926B0F232F9B}.Release Unicode|Any CPU.ActiveCfg = Release|Any CPU
		{C99B71F5-3EAF-4736-BB8F-926B0F232F9B}.Release Unicode|Any CPU.Build.0 = Release|Any CPU
		{C99B71F5-3EAF-4736-BB8F-926B0F232F9B}.Release Unicode|Mixed Platforms.ActiveCfg = Release|Any CPU
		{C99B71F5-3EAF-4736-BB8F-926B0F232F9B}.Release Unicode|Mixed Platforms.Build.0 = Release|Any CPU
		{C99B71F5-3EAF-4736-BB8F-926B0F232F9B}.Release Unicode|Win32.ActiveCfg = Release|Any CPU
		{C99B71F5-3EAF-4736-BB8F-926B0F232F9B}.Release Unicode|x86.ActiveCfg = Release|x86
		{C99B71F5-3EAF-4736-BB8F-926B0F232F9B}.Release Unicode|x86.Build.0 = Release|x86
		{C99B71F5-3EAF-4736-BB8F-926B0F232F9B}.Release|Any CPU.ActiveCfg = Release|Any CPU
		{C99B71F5-3EAF-4736-BB8F-926B0F232F9B}.Release|Any CPU.Build.0 = Release|Any CPU
		{C99B71F5-3EAF-4736-BB8F-926B0F232F9B}.Release|Mixed Platforms.ActiveCfg = Release|Any CPU
		{C99B71F5-3EAF-4736-BB8F-926B0F232F9B}.Release|Mixed Platforms.Build.0 = Release|Any CPU
		{C99B71F5-3EAF-4736-BB8F-926B0F232F9B}.Release|Win32.ActiveCfg = Release|Any CPU
		{C99B71F5-3EAF-4736-BB8F-926B0F232F9B}.Release|x86.ActiveCfg = Release|x86
		{C99B71F5-3EAF-4736-BB8F-926B0F232F9B}.Release|x86.Build.0 = Release|x86
		{FBA1BF4E-5481-41AC-BED0-6D6326CC4C2F}.Debug Unicode|Any CPU.ActiveCfg = Debug|Any CPU
		{FBA1BF4E-5481-41AC-BED0-6D6326CC4C2F}.Debug Unicode|Any CPU.Build.0 = Debug|Any CPU
		{FBA1BF4E-5481-41AC-BED0-6D6326CC4C2F}.Debug Unicode|Mixed Platforms.ActiveCfg = Debug|Any CPU
		{FBA1BF4E-5481-41AC-BED0-6D6326CC4C2F}.Debug Unicode|Mixed Platforms.Build.0 = Debug|Any CPU
		{FBA1BF4E-5481-41AC-BED0-6D6326CC4C2F}.Debug Unicode|Win32.ActiveCfg = Debug|Any CPU
		{FBA1BF4E-5481-41AC-BED0-6D6326CC4C2F}.Debug Unicode|x86.ActiveCfg = Debug|x86
		{FBA1BF4E-5481-41AC-BED0-6D6326CC4C2F}.Debug Unicode|x86.Build.0 = Debug|x86
		{FBA1BF4E-5481-41AC-BED0-6D6326CC4C2F}.Debug|Any CPU.ActiveCfg = Debug|Any CPU
		{FBA1BF4E-5481-41AC-BED0-6D6326CC4C2F}.Debug|Any CPU.Build.0 = Debug|Any CPU
		{FBA1BF4E-5481-41AC-BED0-6D6326CC4C2F}.Debug|Mixed Platforms.ActiveCfg = Debug|Any CPU
		{FBA1BF4E-5481-41AC-BED0-6D6326CC4C2F}.Debug|Mixed Platforms.Build.0 = Debug|Any CPU
		{FBA1BF4E-5481-41AC-BED0-6D6326CC4C2F}.Debug|Win32.ActiveCfg = Debug|Any CPU
		{FBA1BF4E-5481-41AC-BED0-6D6326CC4C2F}.Debug|x86.ActiveCfg = Debug|x86
		{FBA1BF4E-5481-41AC-BED0-6D6326CC4C2F}.Debug|x86.Build.0 = Debug|x86
		{FBA1BF4E-5481-41AC-BED0-6D6326CC4C2F}.Release Unicode|Any CPU.ActiveCfg = Release|Any CPU
		{FBA1BF4E-5481-41AC-BED0-6D6326CC4C2F}.Release Unicode|Any CPU.Build.0 = Release|Any CPU
		{FBA1BF4E-5481-41AC-BED0-6D6326CC4C2F}.Release Unicode|Mixed Platforms.ActiveCfg = Release|Any CPU
		{FBA1BF4E-5481-41AC-BED0-6D6326CC4C2F}.Release Unicode|Mixed Platforms.Build.0 = Release|Any CPU
		{FBA1BF4E-5481-41AC-BED0-6D6326CC4C2F}.Release Unicode|Win32.ActiveCfg = Release|Any CPU
		{FBA1BF4E-5481-41AC-BED0-6D6326CC4C2F}.Release Unicode|x86.ActiveCfg = Release|x86
		{FBA1BF4E-5481-41AC-BED0-6D6326CC4C2F}.Release Unicode|x86.Build.0 = Release|x86
		{FBA1BF4E-5481-41AC-BED0-6D6326CC4C2F}.Release|Any CPU.ActiveCfg = Release|Any CPU
		{FBA1BF4E-5481-41AC-BED0-6D6326CC4C2F}.Release|Any CPU.Build.0 = Release|Any CPU
		{FBA1BF4E-5481-41AC-BED0-6D6326CC4C2F}.Release|Mixed Platforms.ActiveCfg = Release|Any CPU
		{FBA1BF4E-5481-41AC-BED0-6D6326CC4C2F}.Release|Mixed Platforms.Build.0 = Release|Any CPU
		{FBA1BF4E-5481-41AC-BED0-6D6326CC4C2F}.Release|Win32.ActiveCfg = Release|Any CPU
		{FBA1BF4E-5481-41AC-BED0-6D6326CC4C2F}.Release|x86.ActiveCfg = Release|x86
		{FBA1BF4E-5481-41AC-BED0-6D6326CC4C2F}.Release|x86.Build.0 = Release|x86
		{14C6D588-E391-49CE-A1D2-2A8A2A60A540}.Debug Unicode|Any CPU.ActiveCfg = Debug|Any CPU
		{14C6D588-E391-49CE-A1D2-2A8A2A60A540}.Debug Unicode|Any CPU.Build.0 = Debug|Any CPU
		{14C6D588-E391-49CE-A1D2-2A8A2A60A540}.Debug Unicode|Mixed Platforms.ActiveCfg = Debug|Any CPU
		{14C6D588-E391-49CE-A1D2-2A8A2A60A540}.Debug Unicode|Mixed Platforms.Build.0 = Debug|Any CPU
		{14C6D588-E391-49CE-A1D2-2A8A2A60A540}.Debug Unicode|Win32.ActiveCfg = Debug|Any CPU
		{14C6D588-E391-49CE-A1D2-2A8A2A60A540}.Debug Unicode|x86.ActiveCfg = Debug|x86
		{14C6D588-E391-49CE-A1D2-2A8A2A60A540}.Debug Unicode|x86.Build.0 = Debug|x86
		{14C6D588-E391-49CE-A1D2-2A8A2A60A540}.Debug|Any CPU.ActiveCfg = Debug|Any CPU
		{14C6D588-E391-49CE-A1D2-2A8A2A60A540}.Debug|Any CPU.Build.0 = Debug|Any CPU
		{14C6D588-E391-49CE-A1D2-2A8A2A60A540}.Debug|Mixed Platforms.ActiveCfg = Debug|Any CPU
		{14C6D588-E391-49CE-A1D2-2A8A2A60A540}.Debug|Mixed Platforms.Build.0 = Debug|Any CPU
		{14C6D588-E391-49CE-A1D2-2A8A2A60A540}.Debug|Win32.ActiveCfg = Debug|Any CPU
		{14C6D588-E391-49CE-A1D2-2A8A2A60A540}.Debug|x86.ActiveCfg = Debug|x86
		{14C6D588-E391-49CE-A1D2-2A8A2A60A540}.Debug|x86.Build.0 = Debug|x86
		{14C6D588-E391-49CE-A1D2-2A8A2A60A540}.Release Unicode|Any CPU.ActiveCfg = Release|Any CPU
		{14C6D588-E391-49CE-A1D2-2A8A2A60A540}.Release Unicode|Any CPU.Build.0 = Release|Any CPU
		{14C6D588-E391-49CE-A1D2-2A8A2A60A540}.Release Unicode|Mixed Platforms.ActiveCfg = Release|Any CPU
		{14C6D588-E391-49CE-A1D2-2A8A2A60A540}.Release Unicode|Mixed Platforms.Build.0 = Release|Any CPU
		{14C6D588-E391-49CE-A1D2-2A8A2A60A540}.Release Unicode|Win32.ActiveCfg = Release|Any CPU
		{14C6D588-E391-49CE-A1D2-2A8A2A60A540}.Release Unicode|x86.ActiveCfg = Release|x86
		{14C6D588-E391-49CE-A1D2-2A8A2A60A540}.Release Unicode|x86.Build.0 = Release|x86
		{14C6D588-E391-49CE-A1D2-2A8A2A60A540}.Release|Any CPU.ActiveCfg = Release|Any CPU
		{14C6D588-E391-49CE-A1D2-2A8A2A60A540}.Release|Any CPU.Build.0 = Release|Any CPU
		{14C6D588-E391-49CE-A1D2-2A8A2A60A540}.Release|Mixed Platforms.ActiveCfg = Release|Any CPU
		{14C6D588-E391-49CE-A1D2-2A8A2A60A540}.Release|Mixed Platforms.Build.0 = Release|Any CPU
		{14C6D588-E391-49CE-A1D2-2A8A2A60A540}.Release|Win32.ActiveCfg = Release|Any CPU
		{14C6D588-E391-49CE-A1D2-2A8A2A60A540}.Release|x86.ActiveCfg = Release|x86
		{14C6D588-E391-49CE-A1D2-2A8A2A60A540}.Release|x86.Build.0 = Release|x86
		{DB6C03D1-4F10-42F3-A475-232234487085}.Debug Unicode|Any CPU.ActiveCfg = Debug|Any CPU
		{DB6C03D1-4F10-42F3-A475-232234487085}.Debug Unicode|Any CPU.Build.0 = Debug|Any CPU
		{DB6C03D1-4F10-42F3-A475-232234487085}.Debug Unicode|Mixed Platforms.ActiveCfg = Debug|Any CPU
		{DB6C03D1-4F10-42F3-A475-232234487085}.Debug Unicode|Mixed Platforms.Build.0 = Debug|Any CPU
		{DB6C03D1-4F10-42F3-A475-232234487085}.Debug Unicode|Win32.ActiveCfg = Debug|Any CPU
		{DB6C03D1-4F10-42F3-A475-232234487085}.Debug Unicode|x86.ActiveCfg = Debug|x86
		{DB6C03D1-4F10-42F3-A475-232234487085}.Debug Unicode|x86.Build.0 = Debug|x86
		{DB6C03D1-4F10-42F3-A475-232234487085}.Debug|Any CPU.ActiveCfg = Debug|Any CPU
		{DB6C03D1-4F10-42F3-A475-232234487085}.Debug|Any CPU.Build.0 = Debug|Any CPU
		{DB6C03D1-4F10-42F3-A475-232234487085}.Debug|Mixed Platforms.ActiveCfg = Debug|Any CPU
		{DB6C03D1-4F10-42F3-A475-232234487085}.Debug|Mixed Platforms.Build.0 = Debug|Any CPU
		{DB6C03D1-4F10-42F3-A475-232234487085}.Debug|Win32.ActiveCfg = Debug|Any CPU
		{DB6C03D1-4F10-42F3-A475-232234487085}.Debug|x86.ActiveCfg = Debug|x86
		{DB6C03D1-4F10-42F3-A475-232234487085}.Debug|x86.Build.0 = Debug|x86
		{DB6C03D1-4F10-42F3-A475-232234487085}.Release Unicode|Any CPU.ActiveCfg = Release|Any CPU
		{DB6C03D1-4F10-42F3-A475-232234487085}.Release Unicode|Any CPU.Build.0 = Release|Any CPU
		{DB6C03D1-4F10-42F3-A475-232234487085}.Release Unicode|Mixed Platforms.ActiveCfg = Release|Any CPU
		{DB6C03D1-4F10-42F3-A475-232234487085}.Release Unicode|Mixed Platforms.Build.0 = Release|Any CPU
		{DB6C03D1-4F10-42F3-A475-232234487085}.Release Unicode|Win32.ActiveCfg = Release|Any CPU
		{DB6C03D1-4F10-42F3-A475-232234487085}.Release Unicode|x86.ActiveCfg = Release|x86
		{DB6C03D1-4F10-42F3-A475-232234487085}.Release Unicode|x86.Build.0 = Release|x86
		{DB6C03D1-4F10-42F3-A475-232234487085}.Release|Any CPU.ActiveCfg = Release|Any CPU
		{DB6C03D1-4F10-42F3-A475-232234487085}.Release|Any CPU.Build.0 = Release|Any CPU
		{DB6C03D1-4F10-42F3-A475-232234487085}.Release|Mixed Platforms.ActiveCfg = Release|Any CPU
		{DB6C03D1-4F10-42F3-A475-232234487085}.Release|Mixed Platforms.Build.0 = Release|Any CPU
		{DB6C03D1-4F10-42F3-A475-232234487085}.Release|Win32.ActiveCfg = Release|Any CPU
		{DB6C03D1-4F10-42F3-A475-232234487085}.Release|x86.ActiveCfg = Release|x86
		{DB6C03D1-4F10-42F3-A475-232234487085}.Release|x86.Build.0 = Release|x86
		{0A4B71B6-8E25-499F-B797-8D468051A905}.Debug Unicode|Any CPU.ActiveCfg = Debug|Any CPU
		{0A4B71B6-8E25-499F-B797-8D468051A905}.Debug Unicode|Any CPU.Build.0 = Debug|Any CPU
		{0A4B71B6-8E25-499F-B797-8D468051A905}.Debug Unicode|Mixed Platforms.ActiveCfg = Debug|Any CPU
		{0A4B71B6-8E25-499F-B797-8D468051A905}.Debug Unicode|Mixed Platforms.Build.0 = Debug|Any CPU
		{0A4B71B6-8E25-499F-B797-8D468051A905}.Debug Unicode|Win32.ActiveCfg = Debug|Any CPU
		{0A4B71B6-8E25-499F-B797-8D468051A905}.Debug Unicode|x86.ActiveCfg = Debug|x86
		{0A4B71B6-8E25-499F-B797-8D468051A905}.Debug Unicode|x86.Build.0 = Debug|x86
		{0A4B71B6-8E25-499F-B797-8D468051A905}.Debug|Any CPU.ActiveCfg = Debug|Any CPU
		{0A4B71B6-8E25-499F-B797-8D468051A905}.Debug|Any CPU.Build.0 = Debug|Any CPU
		{0A4B71B6-8E25-499F-B797-8D468051A905}.Debug|Mixed Platforms.ActiveCfg = Debug|Any CPU
		{0A4B71B6-8E25-499F-B797-8D468051A905}.Debug|Mixed Platforms.Build.0 = Debug|Any CPU
		{0A4B71B6-8E25-499F-B797-8D468051A905}.Debug|Win32.ActiveCfg = Debug|Any CPU
		{0A4B71B6-8E25-499F-B797-8D468051A905}.Debug|x86.ActiveCfg = Debug|x86
		{0A4B71B6-8E25-499F-B797-8D468051A905}.Debug|x86.Build.0 = Debug|x86
		{0A4B71B6-8E25-499F-B797-8D468051A905}.Release Unicode|Any CPU.ActiveCfg = Release|Any CPU
		{0A4B71B6-8E25-499F-B797-8D468051A905}.Release Unicode|Any CPU.Build.0 = Release|Any CPU
		{0A4B71B6-8E25-499F-B797-8D468051A905}.Release Unicode|Mixed Platforms.ActiveCfg = Release|Any CPU
		{0A4B71B6-8E25-499F-B797-8D468051A905}.Release Unicode|Mixed Platforms.Build.0 = Release|Any CPU
		{0A4B71B6-8E25-499F-B797-8D468051A905}.Release Unicode|Win32.ActiveCfg = Release|Any CPU
		{0A4B71B6-8E25-499F-B797-8D468051A905}.Release Unicode|x86.ActiveCfg = Release|x86
		{0A4B71B6-8E25-499F-B797-8D468051A905}.Release Unicode|x86.Build.0 = Release|x86
		{0A4B71B6-8E25-499F-B797-8D468051A905}.Release|Any CPU.ActiveCfg = Release|Any CPU
		{0A4B71B6-8E25-499F-B797-8D468051A905}.Release|Any CPU.Build.0 = Release|Any CPU
		{0A4B71B6-8E25-499F-B797-8D468051A905}.Release|Mixed Platforms.ActiveCfg = Release|Any CPU
		{0A4B71B6-8E25-499F-B797-8D468051A905}.Release|Mixed Platforms.Build.0 = Release|Any CPU
		{0A4B71B6-8E25-499F-B797-8D468051A905}.Release|Win32.ActiveCfg = Release|Any CPU
		{0A4B71B6-8E25-499F-B797-8D468051A905}.Release|x86.ActiveCfg = Release|x86
		{0A4B71B6-8E25-499F-B797-8D468051A905}.Release|x86.Build.0 = Release|x86
		{8CDEC7AB-CFE3-4765-8503-1419D1823117}.Debug Unicode|Any CPU.ActiveCfg = Debug|x86
		{8CDEC7AB-CFE3-4765-8503-1419D1823117}.Debug Unicode|Mixed Platforms.ActiveCfg = Debug|x86
		{8CDEC7AB-CFE3-4765-8503-1419D1823117}.Debug Unicode|Mixed Platforms.Build.0 = Debug|x86
		{8CDEC7AB-CFE3-4765-8503-1419D1823117}.Debug Unicode|Win32.ActiveCfg = Debug|x86
		{8CDEC7AB-CFE3-4765-8503-1419D1823117}.Debug Unicode|x86.ActiveCfg = Debug|x86
		{8CDEC7AB-CFE3-4765-8503-1419D1823117}.Debug Unicode|x86.Build.0 = Debug|x86
		{8CDEC7AB-CFE3-4765-8503-1419D1823117}.Debug|Any CPU.ActiveCfg = Debug|Any CPU
		{8CDEC7AB-CFE3-4765-8503-1419D1823117}.Debug|Any CPU.Build.0 = Debug|Any CPU
		{8CDEC7AB-CFE3-4765-8503-1419D1823117}.Debug|Mixed Platforms.ActiveCfg = Debug|x86
		{8CDEC7AB-CFE3-4765-8503-1419D1823117}.Debug|Mixed Platforms.Build.0 = Debug|x86
		{8CDEC7AB-CFE3-4765-8503-1419D1823117}.Debug|Win32.ActiveCfg = Debug|x86
		{8CDEC7AB-CFE3-4765-8503-1419D1823117}.Debug|x86.ActiveCfg = Debug|x86
		{8CDEC7AB-CFE3-4765-8503-1419D1823117}.Debug|x86.Build.0 = Debug|x86
		{8CDEC7AB-CFE3-4765-8503-1419D1823117}.Release Unicode|Any CPU.ActiveCfg = Release|x86
		{8CDEC7AB-CFE3-4765-8503-1419D1823117}.Release Unicode|Mixed Platforms.ActiveCfg = Release|x86
		{8CDEC7AB-CFE3-4765-8503-1419D1823117}.Release Unicode|Mixed Platforms.Build.0 = Release|x86
		{8CDEC7AB-CFE3-4765-8503-1419D1823117}.Release Unicode|Win32.ActiveCfg = Release|x86
		{8CDEC7AB-CFE3-4765-8503-1419D1823117}.Release Unicode|x86.ActiveCfg = Release|x86
		{8CDEC7AB-CFE3-4765-8503-1419D1823117}.Release Unicode|x86.Build.0 = Release|x86
		{8CDEC7AB-CFE3-4765-8503-1419D1823117}.Release|Any CPU.ActiveCfg = Release|Any CPU
		{8CDEC7AB-CFE3-4765-8503-1419D1823117}.Release|Any CPU.Build.0 = Release|Any CPU
		{8CDEC7AB-CFE3-4765-8503-1419D1823117}.Release|Mixed Platforms.ActiveCfg = Release|x86
		{8CDEC7AB-CFE3-4765-8503-1419D1823117}.Release|Mixed Platforms.Build.0 = Release|x86
		{8CDEC7AB-CFE3-4765-8503-1419D1823117}.Release|Win32.ActiveCfg = Release|x86
		{8CDEC7AB-CFE3-4765-8503-1419D1823117}.Release|x86.ActiveCfg = Release|x86
		{8CDEC7AB-CFE3-4765-8503-1419D1823117}.Release|x86.Build.0 = Release|x86
		{B4782B5C-6371-43FE-AA71-B6AD9EED8ADC}.Debug Unicode|Any CPU.ActiveCfg = Debug|Any CPU
		{B4782B5C-6371-43FE-AA71-B6AD9EED8ADC}.Debug Unicode|Any CPU.Build.0 = Debug|Any CPU
		{B4782B5C-6371-43FE-AA71-B6AD9EED8ADC}.Debug Unicode|Mixed Platforms.ActiveCfg = Debug|Any CPU
		{B4782B5C-6371-43FE-AA71-B6AD9EED8ADC}.Debug Unicode|Mixed Platforms.Build.0 = Debug|Any CPU
		{B4782B5C-6371-43FE-AA71-B6AD9EED8ADC}.Debug Unicode|Win32.ActiveCfg = Debug|Any CPU
		{B4782B5C-6371-43FE-AA71-B6AD9EED8ADC}.Debug Unicode|x86.ActiveCfg = Debug|Any CPU
		{B4782B5C-6371-43FE-AA71-B6AD9EED8ADC}.Debug|Any CPU.ActiveCfg = Debug|Any CPU
		{B4782B5C-6371-43FE-AA71-B6AD9EED8ADC}.Debug|Any CPU.Build.0 = Debug|Any CPU
		{B4782B5C-6371-43FE-AA71-B6AD9EED8ADC}.Debug|Mixed Platforms.ActiveCfg = Debug|Any CPU
		{B4782B5C-6371-43FE-AA71-B6AD9EED8ADC}.Debug|Mixed Platforms.Build.0 = Debug|Any CPU
		{B4782B5C-6371-43FE-AA71-B6AD9EED8ADC}.Debug|Win32.ActiveCfg = Debug|Any CPU
		{B4782B5C-6371-43FE-AA71-B6AD9EED8ADC}.Debug|x86.ActiveCfg = Debug|x86
		{B4782B5C-6371-43FE-AA71-B6AD9EED8ADC}.Debug|x86.Build.0 = Debug|x86
		{B4782B5C-6371-43FE-AA71-B6AD9EED8ADC}.Release Unicode|Any CPU.ActiveCfg = Release|Any CPU
		{B4782B5C-6371-43FE-AA71-B6AD9EED8ADC}.Release Unicode|Any CPU.Build.0 = Release|Any CPU
		{B4782B5C-6371-43FE-AA71-B6AD9EED8ADC}.Release Unicode|Mixed Platforms.ActiveCfg = Release|Any CPU
		{B4782B5C-6371-43FE-AA71-B6AD9EED8ADC}.Release Unicode|Mixed Platforms.Build.0 = Release|Any CPU
		{B4782B5C-6371-43FE-AA71-B6AD9EED8ADC}.Release Unicode|Win32.ActiveCfg = Release|Any CPU
		{B4782B5C-6371-43FE-AA71-B6AD9EED8ADC}.Release Unicode|x86.ActiveCfg = Release|Any CPU
		{B4782B5C-6371-43FE-AA71-B6AD9EED8ADC}.Release|Any CPU.ActiveCfg = Release|Any CPU
		{B4782B5C-6371-43FE-AA71-B6AD9EED8ADC}.Release|Any CPU.Build.0 = Release|Any CPU
		{B4782B5C-6371-43FE-AA71-B6AD9EED8ADC}.Release|Mixed Platforms.ActiveCfg = Release|Any CPU
		{B4782B5C-6371-43FE-AA71-B6AD9EED8ADC}.Release|Mixed Platforms.Build.0 = Release|Any CPU
		{B4782B5C-6371-43FE-AA71-B6AD9EED8ADC}.Release|Win32.ActiveCfg = Release|Any CPU
		{B4782B5C-6371-43FE-AA71-B6AD9EED8ADC}.Release|x86.ActiveCfg = Release|Any CPU
	EndGlobalSection
	GlobalSection(SolutionProperties) = preSolution
		HideSolutionNode = FALSE
	EndGlobalSection
EndGlobal
